// !$*UTF8*$!
{
	archiveVersion = 1;
	classes = {
	};
	objectVersion = 56;
	objects = {

/* Begin PBXBuildFile section */
		7A053E502B553EA8007485A0 /* StoreKit.framework in Frameworks */ = {isa = PBXBuildFile; fileRef = 7A053E4F2B553EA8007485A0 /* StoreKit.framework */; };
		7A0598092B08976E0053646D /* Boing.mp3 in Resources */ = {isa = PBXBuildFile; fileRef = 7A0598072B08976E0053646D /* Boing.mp3 */; };
		7A05980A2B08976E0053646D /* DingDingDing.mp3 in Resources */ = {isa = PBXBuildFile; fileRef = 7A0598082B08976E0053646D /* DingDingDing.mp3 */; };
		7A0BB1C62B4F5EB70048B247 /* SharePlayActivity.swift in Sources */ = {isa = PBXBuildFile; fileRef = 7A0BB1C52B4F5EB70048B247 /* SharePlayActivity.swift */; };
		7A0BB1C82B4F5ECE0048B247 /* ActivitySharingViewController.swift in Sources */ = {isa = PBXBuildFile; fileRef = 7A0BB1C72B4F5ECE0048B247 /* ActivitySharingViewController.swift */; };
		7A0BB1CA2B4FD1A20048B247 /* HomeButtonsView.swift in Sources */ = {isa = PBXBuildFile; fileRef = 7A0BB1C92B4FD1A20048B247 /* HomeButtonsView.swift */; };
		7A0BB1CC2B4FD4590048B247 /* AudioManager.swift in Sources */ = {isa = PBXBuildFile; fileRef = 7A0BB1CB2B4FD4590048B247 /* AudioManager.swift */; };
		7A0BB1CE2B51C4DC0048B247 /* LandingPageView.swift in Sources */ = {isa = PBXBuildFile; fileRef = 7A0BB1CD2B51C4DC0048B247 /* LandingPageView.swift */; };
		7A0BB1D02B51CA580048B247 /* GameOverScreenView.swift in Sources */ = {isa = PBXBuildFile; fileRef = 7A0BB1CF2B51CA580048B247 /* GameOverScreenView.swift */; };
		7A16C4492B6AF63C00B6D3B1 /* UserData.swift in Sources */ = {isa = PBXBuildFile; fileRef = 7A16C4482B6AF63C00B6D3B1 /* UserData.swift */; };
		7A1B4B322BC660D500C58084 /* PrivacyInfo.xcprivacy in Resources */ = {isa = PBXBuildFile; fileRef = 7A58426E2BA2B8AC00EC70D2 /* PrivacyInfo.xcprivacy */; };
		7A1E4F782B7AFBCC00CDF00F /* CircularProgress in Frameworks */ = {isa = PBXBuildFile; productRef = 7A1E4F772B7AFBCC00CDF00F /* CircularProgress */; };
		7A2201342AB6739000DF04D7 /* GameCenter.swift in Sources */ = {isa = PBXBuildFile; fileRef = 7A2201332AB6739000DF04D7 /* GameCenter.swift */; };
		7A2F39BA2BA0E4C400B15E5E /* NotificationManager.swift in Sources */ = {isa = PBXBuildFile; fileRef = 7A2F39B92BA0E4C400B15E5E /* NotificationManager.swift */; };
		7A327D542AD3E700002700DD /* SecretShopView.swift in Sources */ = {isa = PBXBuildFile; fileRef = 7A327D532AD3E700002700DD /* SecretShopView.swift */; };
		7A35C17A2AC385B200A3D754 /* GameCenterLeaderboardView.swift in Sources */ = {isa = PBXBuildFile; fileRef = 7A35C1792AC385B200A3D754 /* GameCenterLeaderboardView.swift */; };
		7A38B5992B85723400DDD280 /* GKScoreChallengeTesterView.swift in Sources */ = {isa = PBXBuildFile; fileRef = 7A38B5982B85723400DDD280 /* GKScoreChallengeTesterView.swift */; };
		7A38B59C2B85727000DDD280 /* Vortex in Frameworks */ = {isa = PBXBuildFile; productRef = 7A38B59B2B85727000DDD280 /* Vortex */; };
		7A3C9B692B80E9800097D3F9 /* HUDView.swift in Sources */ = {isa = PBXBuildFile; fileRef = 7A3C9B682B80E9800097D3F9 /* HUDView.swift */; };
		7A3C9B6B2B80FF310097D3F9 /* PlayingBallView.swift in Sources */ = {isa = PBXBuildFile; fileRef = 7A3C9B6A2B80FF310097D3F9 /* PlayingBallView.swift */; };
		7A43B22E2AA3D74B0099AFB6 /* punchSFX.mp3 in Resources */ = {isa = PBXBuildFile; fileRef = 7A43B22D2AA3D74B0099AFB6 /* punchSFX.mp3 */; };
		7A43B2302AA3D7830099AFB6 /* FallBallOST120.mp3 in Resources */ = {isa = PBXBuildFile; fileRef = 7A43B22F2AA3D7830099AFB6 /* FallBallOST120.mp3 */; };
		7A43B2322AA3E0440099AFB6 /* QRView.swift in Sources */ = {isa = PBXBuildFile; fileRef = 7A43B2312AA3E0440099AFB6 /* QRView.swift */; };
		7A43B2342AA566A50099AFB6 /* TitleView.swift in Sources */ = {isa = PBXBuildFile; fileRef = 7A43B2332AA566A50099AFB6 /* TitleView.swift */; };
		7A45C6042B86CB3A004E0986 /* AppStoreScreenShotsView.swift in Sources */ = {isa = PBXBuildFile; fileRef = 7A45C6032B86CB3A004E0986 /* AppStoreScreenShotsView.swift */; };
		7A675CED2B835E74001DEF29 /* BoingNotification.caf in Resources */ = {isa = PBXBuildFile; fileRef = 7A675CEB2B835BB4001DEF29 /* BoingNotification.caf */; };
		7A689B392BA7853F006D3AA5 /* LeaderboardInfoView.swift in Sources */ = {isa = PBXBuildFile; fileRef = 7A689B382BA7853F006D3AA5 /* LeaderboardInfoView.swift */; };
		7A689B3C2BA79AE1006D3AA5 /* SwizzleSwift in Frameworks */ = {isa = PBXBuildFile; productRef = 7A689B3B2BA79AE1006D3AA5 /* SwizzleSwift */; };
		7A7D3C562A86BDFB00F52F26 /* AnimationsView.swift in Sources */ = {isa = PBXBuildFile; fileRef = 7A7D3C552A86BDFB00F52F26 /* AnimationsView.swift */; };
		7A9755D62B78717200473737 /* CloudStorage in Frameworks */ = {isa = PBXBuildFile; productRef = 7A9755D52B78717200473737 /* CloudStorage */; };
		7AA3F7C52ADB9C18002AD6CC /* BallsDetailsView.swift in Sources */ = {isa = PBXBuildFile; fileRef = 7AA3F7C42ADB9C18002AD6CC /* BallsDetailsView.swift */; };
		7AA3F7C72ADE2EBA002AD6CC /* HatDesignsView.swift in Sources */ = {isa = PBXBuildFile; fileRef = 7AA3F7C62ADE2EBA002AD6CC /* HatDesignsView.swift */; };
		7AA5F9752BBCFF2F0003B2AD /* SwiftFX in Frameworks */ = {isa = PBXBuildFile; productRef = 7AA5F9742BBCFF2F0003B2AD /* SwiftFX */; };
		7AB05CDF2A64EC4F00EE4D7B /* CharactersDesignsView.swift in Sources */ = {isa = PBXBuildFile; fileRef = 7AB05CDE2A64EC4F00EE4D7B /* CharactersDesignsView.swift */; };
		7AB05CE22A65C5AC00EE4D7B /* StoreKitManager.swift in Sources */ = {isa = PBXBuildFile; fileRef = 7AB05CE12A65C5AC00EE4D7B /* StoreKitManager.swift */; };
		7AB05CE52A65C67A00EE4D7B /* ProductList.plist in Resources */ = {isa = PBXBuildFile; fileRef = 7AB05CE42A65C67A00EE4D7B /* ProductList.plist */; };
		7ABA579A2BA4CD36000E5907 /* RandomGradientView.swift in Sources */ = {isa = PBXBuildFile; fileRef = 7ABA57992BA4CD36000E5907 /* RandomGradientView.swift */; };
		7AC089392B7EC818008DD71D /* BallAnimationManager.swift in Sources */ = {isa = PBXBuildFile; fileRef = 7AC089382B7EC818008DD71D /* BallAnimationManager.swift */; };
		7AC672AD2BA5072B0055CCDE /* InfiniteBoinsView.swift in Sources */ = {isa = PBXBuildFile; fileRef = 7AC672AC2BA5072B0055CCDE /* InfiniteBoinsView.swift */; };
		7AD2343F2A5F824800ED626D /* endlessfallerApp.swift in Sources */ = {isa = PBXBuildFile; fileRef = 7AD2343E2A5F824800ED626D /* endlessfallerApp.swift */; };
		7AD234412A5F824800ED626D /* ContentView.swift in Sources */ = {isa = PBXBuildFile; fileRef = 7AD234402A5F824800ED626D /* ContentView.swift */; };
		7AD234432A5F824900ED626D /* Assets.xcassets in Resources */ = {isa = PBXBuildFile; fileRef = 7AD234422A5F824900ED626D /* Assets.xcassets */; };
		7AD234472A5F824900ED626D /* Preview Assets.xcassets in Resources */ = {isa = PBXBuildFile; fileRef = 7AD234462A5F824900ED626D /* Preview Assets.xcassets */; };
		7AD234512A5F824900ED626D /* endlessfallerTests.swift in Sources */ = {isa = PBXBuildFile; fileRef = 7AD234502A5F824900ED626D /* endlessfallerTests.swift */; };
		7AD2345B2A5F824900ED626D /* endlessfallerUITests.swift in Sources */ = {isa = PBXBuildFile; fileRef = 7AD2345A2A5F824900ED626D /* endlessfallerUITests.swift */; };
		7AD2345D2A5F824900ED626D /* endlessfallerUITestsLaunchTests.swift in Sources */ = {isa = PBXBuildFile; fileRef = 7AD2345C2A5F824900ED626D /* endlessfallerUITestsLaunchTests.swift */; };
		7AD2346D2A60A9E100ED626D /* IconView.swift in Sources */ = {isa = PBXBuildFile; fileRef = 7AD2346C2A60A9E100ED626D /* IconView.swift */; };
		7AD2346F2A62019800ED626D /* TempView.swift in Sources */ = {isa = PBXBuildFile; fileRef = 7AD2346E2A62019700ED626D /* TempView.swift */; };
		7AD234732A63A1FA00ED626D /* CharactersMenuView.swift in Sources */ = {isa = PBXBuildFile; fileRef = 7AD234722A63A1FA00ED626D /* CharactersMenuView.swift */; };
		7AD234752A64533700ED626D /* AppModel.swift in Sources */ = {isa = PBXBuildFile; fileRef = 7AD234742A64533700ED626D /* AppModel.swift */; };
		7AE879AB2ACF28FE002CDD4F /* PlayersPlaqueView.swift in Sources */ = {isa = PBXBuildFile; fileRef = 7AE879AA2ACF28FE002CDD4F /* PlayersPlaqueView.swift */; };
		7AE879AD2ACF3F21002CDD4F /* ShareView.swift in Sources */ = {isa = PBXBuildFile; fileRef = 7AE879AC2ACF3F21002CDD4F /* ShareView.swift */; };
		7AEA1AB22AE46BDE00FE6DB5 /* CurrencyPageView.swift in Sources */ = {isa = PBXBuildFile; fileRef = 7AEA1AB12AE46BDE00FE6DB5 /* CurrencyPageView.swift */; };
		7AEA1AB42AE5C9CA00FE6DB5 /* ContinuePlayingView.swift in Sources */ = {isa = PBXBuildFile; fileRef = 7AEA1AB32AE5C9CA00FE6DB5 /* ContinuePlayingView.swift */; };
		7AF3EC662B8C2F2D003FE015 /* CloudKitUtility.swift in Sources */ = {isa = PBXBuildFile; fileRef = 7AF3EC652B8C2F2D003FE015 /* CloudKitUtility.swift */; };
		7AF3EC682B8FFB22003FE015 /* NBQRView.swift in Sources */ = {isa = PBXBuildFile; fileRef = 7AF3EC672B8FFB22003FE015 /* NBQRView.swift */; };
		7AFDA55F2AC1592800D3A1F0 /* FallBallWatchOS Watch App.app in Embed Watch Content */ = {isa = PBXBuildFile; fileRef = 7AFDA55E2AC1592800D3A1F0 /* FallBallWatchOS Watch App.app */; settings = {ATTRIBUTES = (RemoveHeadersOnCopy, ); }; };
		7AFDA5642AC1592800D3A1F0 /* FallBallWatchOSApp.swift in Sources */ = {isa = PBXBuildFile; fileRef = 7AFDA5632AC1592800D3A1F0 /* FallBallWatchOSApp.swift */; };
		7AFDA5662AC1592800D3A1F0 /* ContentView.swift in Sources */ = {isa = PBXBuildFile; fileRef = 7AFDA5652AC1592800D3A1F0 /* ContentView.swift */; };
		7AFDA5682AC1592900D3A1F0 /* Assets.xcassets in Resources */ = {isa = PBXBuildFile; fileRef = 7AFDA5672AC1592900D3A1F0 /* Assets.xcassets */; };
		7AFDA56B2AC1592900D3A1F0 /* Preview Assets.xcassets in Resources */ = {isa = PBXBuildFile; fileRef = 7AFDA56A2AC1592900D3A1F0 /* Preview Assets.xcassets */; };
		7AFDA5752AC1592A00D3A1F0 /* FallBallWatchOS_Watch_AppTests.swift in Sources */ = {isa = PBXBuildFile; fileRef = 7AFDA5742AC1592A00D3A1F0 /* FallBallWatchOS_Watch_AppTests.swift */; };
		7AFDA57F2AC1592A00D3A1F0 /* FallBallWatchOS_Watch_AppUITests.swift in Sources */ = {isa = PBXBuildFile; fileRef = 7AFDA57E2AC1592A00D3A1F0 /* FallBallWatchOS_Watch_AppUITests.swift */; };
		7AFDA5812AC1592A00D3A1F0 /* FallBallWatchOS_Watch_AppUITestsLaunchTests.swift in Sources */ = {isa = PBXBuildFile; fileRef = 7AFDA5802AC1592A00D3A1F0 /* FallBallWatchOS_Watch_AppUITestsLaunchTests.swift */; };
		7AFFE22A2B95AE590039214C /* LevelsToPassPlayerView.swift in Sources */ = {isa = PBXBuildFile; fileRef = 7AFFE2292B95AE590039214C /* LevelsToPassPlayerView.swift */; };
/* End PBXBuildFile section */

/* Begin PBXContainerItemProxy section */
		7AD2344D2A5F824900ED626D /* PBXContainerItemProxy */ = {
			isa = PBXContainerItemProxy;
			containerPortal = 7AD234332A5F824800ED626D /* Project object */;
			proxyType = 1;
			remoteGlobalIDString = 7AD2343A2A5F824800ED626D;
			remoteInfo = endlessfaller;
		};
		7AD234572A5F824900ED626D /* PBXContainerItemProxy */ = {
			isa = PBXContainerItemProxy;
			containerPortal = 7AD234332A5F824800ED626D /* Project object */;
			proxyType = 1;
			remoteGlobalIDString = 7AD2343A2A5F824800ED626D;
			remoteInfo = endlessfaller;
		};
		7AFDA5602AC1592800D3A1F0 /* PBXContainerItemProxy */ = {
			isa = PBXContainerItemProxy;
			containerPortal = 7AD234332A5F824800ED626D /* Project object */;
			proxyType = 1;
			remoteGlobalIDString = 7AFDA55D2AC1592800D3A1F0;
			remoteInfo = "FallBallWatchOS Watch App";
		};
		7AFDA5712AC1592A00D3A1F0 /* PBXContainerItemProxy */ = {
			isa = PBXContainerItemProxy;
			containerPortal = 7AD234332A5F824800ED626D /* Project object */;
			proxyType = 1;
			remoteGlobalIDString = 7AFDA55D2AC1592800D3A1F0;
			remoteInfo = "FallBallWatchOS Watch App";
		};
		7AFDA57B2AC1592A00D3A1F0 /* PBXContainerItemProxy */ = {
			isa = PBXContainerItemProxy;
			containerPortal = 7AD234332A5F824800ED626D /* Project object */;
			proxyType = 1;
			remoteGlobalIDString = 7AFDA55D2AC1592800D3A1F0;
			remoteInfo = "FallBallWatchOS Watch App";
		};
/* End PBXContainerItemProxy section */

/* Begin PBXCopyFilesBuildPhase section */
		7A4804512B54EF6600B6CE87 /* Embed App Clips */ = {
			isa = PBXCopyFilesBuildPhase;
			buildActionMask = 2147483647;
			dstPath = "$(CONTENTS_FOLDER_PATH)/AppClips";
			dstSubfolderSpec = 16;
			files = (
			);
			name = "Embed App Clips";
			runOnlyForDeploymentPostprocessing = 0;
		};
		7AFDA5852AC1592A00D3A1F0 /* Embed Watch Content */ = {
			isa = PBXCopyFilesBuildPhase;
			buildActionMask = 2147483647;
			dstPath = "$(CONTENTS_FOLDER_PATH)/Watch";
			dstSubfolderSpec = 16;
			files = (
				7AFDA55F2AC1592800D3A1F0 /* FallBallWatchOS Watch App.app in Embed Watch Content */,
			);
			name = "Embed Watch Content";
			runOnlyForDeploymentPostprocessing = 0;
		};
/* End PBXCopyFilesBuildPhase section */

/* Begin PBXFileReference section */
		7A053E4D2B553E8A007485A0 /* Fall-Ball-Info.plist */ = {isa = PBXFileReference; lastKnownFileType = text.plist; path = "Fall-Ball-Info.plist"; sourceTree = "<group>"; };
		7A053E4F2B553EA8007485A0 /* StoreKit.framework */ = {isa = PBXFileReference; lastKnownFileType = wrapper.framework; name = StoreKit.framework; path = System/Library/Frameworks/StoreKit.framework; sourceTree = SDKROOT; };
		7A0598072B08976E0053646D /* Boing.mp3 */ = {isa = PBXFileReference; lastKnownFileType = audio.mp3; path = Boing.mp3; sourceTree = "<group>"; };
		7A0598082B08976E0053646D /* DingDingDing.mp3 */ = {isa = PBXFileReference; lastKnownFileType = audio.mp3; path = DingDingDing.mp3; sourceTree = "<group>"; };
		7A0BB1C52B4F5EB70048B247 /* SharePlayActivity.swift */ = {isa = PBXFileReference; lastKnownFileType = sourcecode.swift; path = SharePlayActivity.swift; sourceTree = "<group>"; };
		7A0BB1C72B4F5ECE0048B247 /* ActivitySharingViewController.swift */ = {isa = PBXFileReference; lastKnownFileType = sourcecode.swift; path = ActivitySharingViewController.swift; sourceTree = "<group>"; };
		7A0BB1C92B4FD1A20048B247 /* HomeButtonsView.swift */ = {isa = PBXFileReference; lastKnownFileType = sourcecode.swift; path = HomeButtonsView.swift; sourceTree = "<group>"; };
		7A0BB1CB2B4FD4590048B247 /* AudioManager.swift */ = {isa = PBXFileReference; lastKnownFileType = sourcecode.swift; path = AudioManager.swift; sourceTree = "<group>"; };
		7A0BB1CD2B51C4DC0048B247 /* LandingPageView.swift */ = {isa = PBXFileReference; lastKnownFileType = sourcecode.swift; path = LandingPageView.swift; sourceTree = "<group>"; };
		7A0BB1CF2B51CA580048B247 /* GameOverScreenView.swift */ = {isa = PBXFileReference; lastKnownFileType = sourcecode.swift; path = GameOverScreenView.swift; sourceTree = "<group>"; };
		7A16C4482B6AF63C00B6D3B1 /* UserData.swift */ = {isa = PBXFileReference; lastKnownFileType = sourcecode.swift; path = UserData.swift; sourceTree = "<group>"; };
		7A2201332AB6739000DF04D7 /* GameCenter.swift */ = {isa = PBXFileReference; lastKnownFileType = sourcecode.swift; path = GameCenter.swift; sourceTree = "<group>"; };
		7A2F39B92BA0E4C400B15E5E /* NotificationManager.swift */ = {isa = PBXFileReference; lastKnownFileType = sourcecode.swift; path = NotificationManager.swift; sourceTree = "<group>"; };
		7A327D532AD3E700002700DD /* SecretShopView.swift */ = {isa = PBXFileReference; lastKnownFileType = sourcecode.swift; path = SecretShopView.swift; sourceTree = "<group>"; };
		7A35C1792AC385B200A3D754 /* GameCenterLeaderboardView.swift */ = {isa = PBXFileReference; lastKnownFileType = sourcecode.swift; path = GameCenterLeaderboardView.swift; sourceTree = "<group>"; };
		7A38B5982B85723400DDD280 /* GKScoreChallengeTesterView.swift */ = {isa = PBXFileReference; lastKnownFileType = sourcecode.swift; path = GKScoreChallengeTesterView.swift; sourceTree = "<group>"; };
		7A3C9B682B80E9800097D3F9 /* HUDView.swift */ = {isa = PBXFileReference; lastKnownFileType = sourcecode.swift; path = HUDView.swift; sourceTree = "<group>"; };
		7A3C9B6A2B80FF310097D3F9 /* PlayingBallView.swift */ = {isa = PBXFileReference; lastKnownFileType = sourcecode.swift; path = PlayingBallView.swift; sourceTree = "<group>"; };
		7A3CEA6A2A8AB1E100A79E65 /* pokeball.gif */ = {isa = PBXFileReference; lastKnownFileType = image.gif; path = pokeball.gif; sourceTree = "<group>"; };
		7A3CEA6B2A8AB1EB00A79E65 /* bear.gif */ = {isa = PBXFileReference; lastKnownFileType = image.gif; path = bear.gif; sourceTree = "<group>"; };
		7A43B22D2AA3D74B0099AFB6 /* punchSFX.mp3 */ = {isa = PBXFileReference; lastKnownFileType = audio.mp3; path = punchSFX.mp3; sourceTree = "<group>"; };
		7A43B22F2AA3D7830099AFB6 /* FallBallOST120.mp3 */ = {isa = PBXFileReference; lastKnownFileType = audio.mp3; path = FallBallOST120.mp3; sourceTree = "<group>"; };
		7A43B2312AA3E0440099AFB6 /* QRView.swift */ = {isa = PBXFileReference; lastKnownFileType = sourcecode.swift; path = QRView.swift; sourceTree = "<group>"; };
		7A43B2332AA566A50099AFB6 /* TitleView.swift */ = {isa = PBXFileReference; lastKnownFileType = sourcecode.swift; path = TitleView.swift; sourceTree = "<group>"; };
		7A45C6032B86CB3A004E0986 /* AppStoreScreenShotsView.swift */ = {isa = PBXFileReference; lastKnownFileType = sourcecode.swift; path = AppStoreScreenShotsView.swift; sourceTree = "<group>"; };
		7A48042A2B54EF6500B6CE87 /* Fall_Bal_App_ClipApp.swift */ = {isa = PBXFileReference; lastKnownFileType = sourcecode.swift; path = Fall_Bal_App_ClipApp.swift; sourceTree = "<group>"; };
		7A48042C2B54EF6500B6CE87 /* ContentView.swift */ = {isa = PBXFileReference; lastKnownFileType = sourcecode.swift; path = ContentView.swift; sourceTree = "<group>"; };
		7A48042E2B54EF6600B6CE87 /* Assets.xcassets */ = {isa = PBXFileReference; lastKnownFileType = folder.assetcatalog; path = Assets.xcassets; sourceTree = "<group>"; };
		7A4804312B54EF6600B6CE87 /* Preview Assets.xcassets */ = {isa = PBXFileReference; lastKnownFileType = folder.assetcatalog; path = "Preview Assets.xcassets"; sourceTree = "<group>"; };
		7A4804332B54EF6600B6CE87 /* Info.plist */ = {isa = PBXFileReference; lastKnownFileType = text.plist.xml; path = Info.plist; sourceTree = "<group>"; };
		7A4804342B54EF6600B6CE87 /* Fall_Bal_App_Clip.entitlements */ = {isa = PBXFileReference; lastKnownFileType = text.plist.entitlements; path = Fall_Bal_App_Clip.entitlements; sourceTree = "<group>"; };
		7A48043D2B54EF6600B6CE87 /* Fall_Bal_App_ClipTests.swift */ = {isa = PBXFileReference; lastKnownFileType = sourcecode.swift; path = Fall_Bal_App_ClipTests.swift; sourceTree = "<group>"; };
		7A4804472B54EF6600B6CE87 /* Fall_Bal_App_ClipUITests.swift */ = {isa = PBXFileReference; lastKnownFileType = sourcecode.swift; path = Fall_Bal_App_ClipUITests.swift; sourceTree = "<group>"; };
		7A4804492B54EF6600B6CE87 /* Fall_Bal_App_ClipUITestsLaunchTests.swift */ = {isa = PBXFileReference; lastKnownFileType = sourcecode.swift; path = Fall_Bal_App_ClipUITestsLaunchTests.swift; sourceTree = "<group>"; };
		7A58426E2BA2B8AC00EC70D2 /* PrivacyInfo.xcprivacy */ = {isa = PBXFileReference; lastKnownFileType = text.xml; path = PrivacyInfo.xcprivacy; sourceTree = "<group>"; };
		7A675CEB2B835BB4001DEF29 /* BoingNotification.caf */ = {isa = PBXFileReference; lastKnownFileType = file; path = BoingNotification.caf; sourceTree = "<group>"; };
		7A689B382BA7853F006D3AA5 /* LeaderboardInfoView.swift */ = {isa = PBXFileReference; lastKnownFileType = sourcecode.swift; path = LeaderboardInfoView.swift; sourceTree = "<group>"; };
		7A7D3C552A86BDFB00F52F26 /* AnimationsView.swift */ = {isa = PBXFileReference; lastKnownFileType = sourcecode.swift; path = AnimationsView.swift; sourceTree = "<group>"; };
		7AA3F7C42ADB9C18002AD6CC /* BallsDetailsView.swift */ = {isa = PBXFileReference; lastKnownFileType = sourcecode.swift; path = BallsDetailsView.swift; sourceTree = "<group>"; };
		7AA3F7C62ADE2EBA002AD6CC /* HatDesignsView.swift */ = {isa = PBXFileReference; lastKnownFileType = sourcecode.swift; path = HatDesignsView.swift; sourceTree = "<group>"; };
		7AB05CDE2A64EC4F00EE4D7B /* CharactersDesignsView.swift */ = {isa = PBXFileReference; lastKnownFileType = sourcecode.swift; path = CharactersDesignsView.swift; sourceTree = "<group>"; };
		7AB05CE12A65C5AC00EE4D7B /* StoreKitManager.swift */ = {isa = PBXFileReference; lastKnownFileType = sourcecode.swift; path = StoreKitManager.swift; sourceTree = "<group>"; };
		7AB05CE32A65C65500EE4D7B /* products.storekit */ = {isa = PBXFileReference; lastKnownFileType = text; path = products.storekit; sourceTree = "<group>"; };
		7AB05CE42A65C67A00EE4D7B /* ProductList.plist */ = {isa = PBXFileReference; lastKnownFileType = text.plist.xml; path = ProductList.plist; sourceTree = "<group>"; };
		7ABA57992BA4CD36000E5907 /* RandomGradientView.swift */ = {isa = PBXFileReference; lastKnownFileType = sourcecode.swift; path = RandomGradientView.swift; sourceTree = "<group>"; };
		7AC089382B7EC818008DD71D /* BallAnimationManager.swift */ = {isa = PBXFileReference; lastKnownFileType = sourcecode.swift; path = BallAnimationManager.swift; sourceTree = "<group>"; };
		7AC672AC2BA5072B0055CCDE /* InfiniteBoinsView.swift */ = {isa = PBXFileReference; lastKnownFileType = sourcecode.swift; path = InfiniteBoinsView.swift; sourceTree = "<group>"; };
		7AD2343B2A5F824800ED626D /* Fall Ball.app */ = {isa = PBXFileReference; explicitFileType = wrapper.application; includeInIndex = 0; path = "Fall Ball.app"; sourceTree = BUILT_PRODUCTS_DIR; };
		7AD2343E2A5F824800ED626D /* endlessfallerApp.swift */ = {isa = PBXFileReference; lastKnownFileType = sourcecode.swift; path = endlessfallerApp.swift; sourceTree = "<group>"; };
		7AD234402A5F824800ED626D /* ContentView.swift */ = {isa = PBXFileReference; lastKnownFileType = sourcecode.swift; path = ContentView.swift; sourceTree = "<group>"; };
		7AD234422A5F824900ED626D /* Assets.xcassets */ = {isa = PBXFileReference; lastKnownFileType = folder.assetcatalog; path = Assets.xcassets; sourceTree = "<group>"; };
		7AD234442A5F824900ED626D /* endlessfaller.entitlements */ = {isa = PBXFileReference; lastKnownFileType = text.plist.entitlements; path = endlessfaller.entitlements; sourceTree = "<group>"; };
		7AD234462A5F824900ED626D /* Preview Assets.xcassets */ = {isa = PBXFileReference; lastKnownFileType = folder.assetcatalog; path = "Preview Assets.xcassets"; sourceTree = "<group>"; };
		7AD2344C2A5F824900ED626D /* endlessfallerTests.xctest */ = {isa = PBXFileReference; explicitFileType = wrapper.cfbundle; includeInIndex = 0; path = endlessfallerTests.xctest; sourceTree = BUILT_PRODUCTS_DIR; };
		7AD234502A5F824900ED626D /* endlessfallerTests.swift */ = {isa = PBXFileReference; lastKnownFileType = sourcecode.swift; path = endlessfallerTests.swift; sourceTree = "<group>"; };
		7AD234562A5F824900ED626D /* endlessfallerUITests.xctest */ = {isa = PBXFileReference; explicitFileType = wrapper.cfbundle; includeInIndex = 0; path = endlessfallerUITests.xctest; sourceTree = BUILT_PRODUCTS_DIR; };
		7AD2345A2A5F824900ED626D /* endlessfallerUITests.swift */ = {isa = PBXFileReference; lastKnownFileType = sourcecode.swift; path = endlessfallerUITests.swift; sourceTree = "<group>"; };
		7AD2345C2A5F824900ED626D /* endlessfallerUITestsLaunchTests.swift */ = {isa = PBXFileReference; lastKnownFileType = sourcecode.swift; path = endlessfallerUITestsLaunchTests.swift; sourceTree = "<group>"; };
		7AD2346C2A60A9E100ED626D /* IconView.swift */ = {isa = PBXFileReference; lastKnownFileType = sourcecode.swift; path = IconView.swift; sourceTree = "<group>"; };
		7AD2346E2A62019700ED626D /* TempView.swift */ = {isa = PBXFileReference; lastKnownFileType = sourcecode.swift; path = TempView.swift; sourceTree = "<group>"; };
		7AD234722A63A1FA00ED626D /* CharactersMenuView.swift */ = {isa = PBXFileReference; lastKnownFileType = sourcecode.swift; path = CharactersMenuView.swift; sourceTree = "<group>"; };
		7AD234742A64533700ED626D /* AppModel.swift */ = {isa = PBXFileReference; lastKnownFileType = sourcecode.swift; path = AppModel.swift; sourceTree = "<group>"; };
		7AE879AA2ACF28FE002CDD4F /* PlayersPlaqueView.swift */ = {isa = PBXFileReference; lastKnownFileType = sourcecode.swift; path = PlayersPlaqueView.swift; sourceTree = "<group>"; };
		7AE879AC2ACF3F21002CDD4F /* ShareView.swift */ = {isa = PBXFileReference; lastKnownFileType = sourcecode.swift; path = ShareView.swift; sourceTree = "<group>"; };
		7AEA1AB12AE46BDE00FE6DB5 /* CurrencyPageView.swift */ = {isa = PBXFileReference; lastKnownFileType = sourcecode.swift; path = CurrencyPageView.swift; sourceTree = "<group>"; };
		7AEA1AB32AE5C9CA00FE6DB5 /* ContinuePlayingView.swift */ = {isa = PBXFileReference; lastKnownFileType = sourcecode.swift; path = ContinuePlayingView.swift; sourceTree = "<group>"; };
		7AF3EC652B8C2F2D003FE015 /* CloudKitUtility.swift */ = {isa = PBXFileReference; lastKnownFileType = sourcecode.swift; path = CloudKitUtility.swift; sourceTree = "<group>"; };
		7AF3EC672B8FFB22003FE015 /* NBQRView.swift */ = {isa = PBXFileReference; lastKnownFileType = sourcecode.swift; path = NBQRView.swift; sourceTree = "<group>"; };
		7AFDA5592AC1592800D3A1F0 /* FallBallWatchOS.app */ = {isa = PBXFileReference; explicitFileType = wrapper.application; includeInIndex = 0; path = FallBallWatchOS.app; sourceTree = BUILT_PRODUCTS_DIR; };
		7AFDA55E2AC1592800D3A1F0 /* FallBallWatchOS Watch App.app */ = {isa = PBXFileReference; explicitFileType = wrapper.application; includeInIndex = 0; path = "FallBallWatchOS Watch App.app"; sourceTree = BUILT_PRODUCTS_DIR; };
		7AFDA5632AC1592800D3A1F0 /* FallBallWatchOSApp.swift */ = {isa = PBXFileReference; lastKnownFileType = sourcecode.swift; path = FallBallWatchOSApp.swift; sourceTree = "<group>"; };
		7AFDA5652AC1592800D3A1F0 /* ContentView.swift */ = {isa = PBXFileReference; lastKnownFileType = sourcecode.swift; path = ContentView.swift; sourceTree = "<group>"; };
		7AFDA5672AC1592900D3A1F0 /* Assets.xcassets */ = {isa = PBXFileReference; lastKnownFileType = folder.assetcatalog; path = Assets.xcassets; sourceTree = "<group>"; };
		7AFDA56A2AC1592900D3A1F0 /* Preview Assets.xcassets */ = {isa = PBXFileReference; lastKnownFileType = folder.assetcatalog; path = "Preview Assets.xcassets"; sourceTree = "<group>"; };
		7AFDA5702AC1592900D3A1F0 /* FallBallWatchOS Watch AppTests.xctest */ = {isa = PBXFileReference; explicitFileType = wrapper.cfbundle; includeInIndex = 0; path = "FallBallWatchOS Watch AppTests.xctest"; sourceTree = BUILT_PRODUCTS_DIR; };
		7AFDA5742AC1592A00D3A1F0 /* FallBallWatchOS_Watch_AppTests.swift */ = {isa = PBXFileReference; lastKnownFileType = sourcecode.swift; path = FallBallWatchOS_Watch_AppTests.swift; sourceTree = "<group>"; };
		7AFDA57A2AC1592A00D3A1F0 /* FallBallWatchOS Watch AppUITests.xctest */ = {isa = PBXFileReference; explicitFileType = wrapper.cfbundle; includeInIndex = 0; path = "FallBallWatchOS Watch AppUITests.xctest"; sourceTree = BUILT_PRODUCTS_DIR; };
		7AFDA57E2AC1592A00D3A1F0 /* FallBallWatchOS_Watch_AppUITests.swift */ = {isa = PBXFileReference; lastKnownFileType = sourcecode.swift; path = FallBallWatchOS_Watch_AppUITests.swift; sourceTree = "<group>"; };
		7AFDA5802AC1592A00D3A1F0 /* FallBallWatchOS_Watch_AppUITestsLaunchTests.swift */ = {isa = PBXFileReference; lastKnownFileType = sourcecode.swift; path = FallBallWatchOS_Watch_AppUITestsLaunchTests.swift; sourceTree = "<group>"; };
		7AFFE2292B95AE590039214C /* LevelsToPassPlayerView.swift */ = {isa = PBXFileReference; lastKnownFileType = sourcecode.swift; path = LevelsToPassPlayerView.swift; sourceTree = "<group>"; };
/* End PBXFileReference section */

/* Begin PBXFrameworksBuildPhase section */
		7AD234382A5F824800ED626D /* Frameworks */ = {
			isa = PBXFrameworksBuildPhase;
			buildActionMask = 2147483647;
			files = (
				7AA5F9752BBCFF2F0003B2AD /* SwiftFX in Frameworks */,
				7A9755D62B78717200473737 /* CloudStorage in Frameworks */,
				7A053E502B553EA8007485A0 /* StoreKit.framework in Frameworks */,
				7A689B3C2BA79AE1006D3AA5 /* SwizzleSwift in Frameworks */,
				7A38B59C2B85727000DDD280 /* Vortex in Frameworks */,
				7A1E4F782B7AFBCC00CDF00F /* CircularProgress in Frameworks */,
			);
			runOnlyForDeploymentPostprocessing = 0;
		};
		7AD234492A5F824900ED626D /* Frameworks */ = {
			isa = PBXFrameworksBuildPhase;
			buildActionMask = 2147483647;
			files = (
			);
			runOnlyForDeploymentPostprocessing = 0;
		};
		7AD234532A5F824900ED626D /* Frameworks */ = {
			isa = PBXFrameworksBuildPhase;
			buildActionMask = 2147483647;
			files = (
			);
			runOnlyForDeploymentPostprocessing = 0;
		};
		7AFDA55B2AC1592800D3A1F0 /* Frameworks */ = {
			isa = PBXFrameworksBuildPhase;
			buildActionMask = 2147483647;
			files = (
			);
			runOnlyForDeploymentPostprocessing = 0;
		};
		7AFDA56D2AC1592900D3A1F0 /* Frameworks */ = {
			isa = PBXFrameworksBuildPhase;
			buildActionMask = 2147483647;
			files = (
			);
			runOnlyForDeploymentPostprocessing = 0;
		};
		7AFDA5772AC1592A00D3A1F0 /* Frameworks */ = {
			isa = PBXFrameworksBuildPhase;
			buildActionMask = 2147483647;
			files = (
			);
			runOnlyForDeploymentPostprocessing = 0;
		};
/* End PBXFrameworksBuildPhase section */

/* Begin PBXGroup section */
		7A053E4E2B553EA8007485A0 /* Frameworks */ = {
			isa = PBXGroup;
			children = (
				7A053E4F2B553EA8007485A0 /* StoreKit.framework */,
			);
			name = Frameworks;
			sourceTree = "<group>";
		};
		7A3CEA692A8AB1D100A79E65 /* Gifs */ = {
			isa = PBXGroup;
			children = (
				7A3CEA6B2A8AB1EB00A79E65 /* bear.gif */,
				7A3CEA6A2A8AB1E100A79E65 /* pokeball.gif */,
			);
			path = Gifs;
			sourceTree = "<group>";
		};
		7A4804292B54EF6500B6CE87 /* Fall Bal App Clip */ = {
			isa = PBXGroup;
			children = (
				7A48042A2B54EF6500B6CE87 /* Fall_Bal_App_ClipApp.swift */,
				7A48042C2B54EF6500B6CE87 /* ContentView.swift */,
				7A48042E2B54EF6600B6CE87 /* Assets.xcassets */,
				7A4804332B54EF6600B6CE87 /* Info.plist */,
				7A4804342B54EF6600B6CE87 /* Fall_Bal_App_Clip.entitlements */,
				7A4804302B54EF6600B6CE87 /* Preview Content */,
			);
			path = "Fall Bal App Clip";
			sourceTree = "<group>";
		};
		7A4804302B54EF6600B6CE87 /* Preview Content */ = {
			isa = PBXGroup;
			children = (
				7A4804312B54EF6600B6CE87 /* Preview Assets.xcassets */,
			);
			path = "Preview Content";
			sourceTree = "<group>";
		};
		7A48043C2B54EF6600B6CE87 /* Fall Bal App ClipTests */ = {
			isa = PBXGroup;
			children = (
				7A48043D2B54EF6600B6CE87 /* Fall_Bal_App_ClipTests.swift */,
			);
			path = "Fall Bal App ClipTests";
			sourceTree = "<group>";
		};
		7A4804462B54EF6600B6CE87 /* Fall Bal App ClipUITests */ = {
			isa = PBXGroup;
			children = (
				7A4804472B54EF6600B6CE87 /* Fall_Bal_App_ClipUITests.swift */,
				7A4804492B54EF6600B6CE87 /* Fall_Bal_App_ClipUITestsLaunchTests.swift */,
			);
			path = "Fall Bal App ClipUITests";
			sourceTree = "<group>";
		};
		7A6977CB2A956C95005967F1 /* Media */ = {
			isa = PBXGroup;
			children = (
				7A3CEA692A8AB1D100A79E65 /* Gifs */,
				7A45C6032B86CB3A004E0986 /* AppStoreScreenShotsView.swift */,
				7AD2346C2A60A9E100ED626D /* IconView.swift */,
				7A43B2312AA3E0440099AFB6 /* QRView.swift */,
				7AF3EC672B8FFB22003FE015 /* NBQRView.swift */,
				7A43B2332AA566A50099AFB6 /* TitleView.swift */,
				7AD234422A5F824900ED626D /* Assets.xcassets */,
				7A0598072B08976E0053646D /* Boing.mp3 */,
				7A675CEB2B835BB4001DEF29 /* BoingNotification.caf */,
				7A58426E2BA2B8AC00EC70D2 /* PrivacyInfo.xcprivacy */,
				7A0598082B08976E0053646D /* DingDingDing.mp3 */,
				7A43B22F2AA3D7830099AFB6 /* FallBallOST120.mp3 */,
				7A43B22D2AA3D74B0099AFB6 /* punchSFX.mp3 */,
			);
			path = Media;
			sourceTree = "<group>";
		};
		7A6977CD2A956D01005967F1 /* Views */ = {
			isa = PBXGroup;
			children = (
				7A7D3C552A86BDFB00F52F26 /* AnimationsView.swift */,
				7AA3F7C42ADB9C18002AD6CC /* BallsDetailsView.swift */,
				7AD234402A5F824800ED626D /* ContentView.swift */,
				7AEA1AB32AE5C9CA00FE6DB5 /* ContinuePlayingView.swift */,
				7AEA1AB12AE46BDE00FE6DB5 /* CurrencyPageView.swift */,
				7AB05CDE2A64EC4F00EE4D7B /* CharactersDesignsView.swift */,
				7AD234722A63A1FA00ED626D /* CharactersMenuView.swift */,
				7A35C1792AC385B200A3D754 /* GameCenterLeaderboardView.swift */,
				7A0BB1CF2B51CA580048B247 /* GameOverScreenView.swift */,
				7A38B5982B85723400DDD280 /* GKScoreChallengeTesterView.swift */,
				7AA3F7C62ADE2EBA002AD6CC /* HatDesignsView.swift */,
				7A0BB1C92B4FD1A20048B247 /* HomeButtonsView.swift */,
				7A3C9B682B80E9800097D3F9 /* HUDView.swift */,
				7AC672AC2BA5072B0055CCDE /* InfiniteBoinsView.swift */,
				7A0BB1CD2B51C4DC0048B247 /* LandingPageView.swift */,
				7A689B382BA7853F006D3AA5 /* LeaderboardInfoView.swift */,
				7AFFE2292B95AE590039214C /* LevelsToPassPlayerView.swift */,
				7AE879AA2ACF28FE002CDD4F /* PlayersPlaqueView.swift */,
				7A3C9B6A2B80FF310097D3F9 /* PlayingBallView.swift */,
				7ABA57992BA4CD36000E5907 /* RandomGradientView.swift */,
				7AE879AC2ACF3F21002CDD4F /* ShareView.swift */,
				7A327D532AD3E700002700DD /* SecretShopView.swift */,
				7AD2346E2A62019700ED626D /* TempView.swift */,
			);
			path = Views;
			sourceTree = "<group>";
		};
		7A6977CE2A956D63005967F1 /* Configs */ = {
			isa = PBXGroup;
			children = (
				7AB05CE32A65C65500EE4D7B /* products.storekit */,
				7A0BB1CB2B4FD4590048B247 /* AudioManager.swift */,
				7AB05CE42A65C67A00EE4D7B /* ProductList.plist */,
				7AB05CE12A65C5AC00EE4D7B /* StoreKitManager.swift */,
				7A2201332AB6739000DF04D7 /* GameCenter.swift */,
				7AD234742A64533700ED626D /* AppModel.swift */,
				7A0BB1C52B4F5EB70048B247 /* SharePlayActivity.swift */,
				7A0BB1C72B4F5ECE0048B247 /* ActivitySharingViewController.swift */,
				7A16C4482B6AF63C00B6D3B1 /* UserData.swift */,
				7A2F39B92BA0E4C400B15E5E /* NotificationManager.swift */,
				7AC089382B7EC818008DD71D /* BallAnimationManager.swift */,
				7AF3EC652B8C2F2D003FE015 /* CloudKitUtility.swift */,
			);
			path = Configs;
			sourceTree = "<group>";
		};
		7AD234322A5F824800ED626D = {
			isa = PBXGroup;
			children = (
				7A053E4D2B553E8A007485A0 /* Fall-Ball-Info.plist */,
				7AD2343D2A5F824800ED626D /* endlessfaller */,
				7AD2344F2A5F824900ED626D /* endlessfallerTests */,
				7AD234592A5F824900ED626D /* endlessfallerUITests */,
				7AFDA5622AC1592800D3A1F0 /* FallBallWatchOS Watch App */,
				7AFDA5732AC1592A00D3A1F0 /* FallBallWatchOS Watch AppTests */,
				7AFDA57D2AC1592A00D3A1F0 /* FallBallWatchOS Watch AppUITests */,
				7A4804292B54EF6500B6CE87 /* Fall Bal App Clip */,
				7A48043C2B54EF6600B6CE87 /* Fall Bal App ClipTests */,
				7A4804462B54EF6600B6CE87 /* Fall Bal App ClipUITests */,
				7AD2343C2A5F824800ED626D /* Products */,
				7A053E4E2B553EA8007485A0 /* Frameworks */,
			);
			sourceTree = "<group>";
		};
		7AD2343C2A5F824800ED626D /* Products */ = {
			isa = PBXGroup;
			children = (
				7AD2343B2A5F824800ED626D /* Fall Ball.app */,
				7AD2344C2A5F824900ED626D /* endlessfallerTests.xctest */,
				7AD234562A5F824900ED626D /* endlessfallerUITests.xctest */,
				7AFDA5592AC1592800D3A1F0 /* FallBallWatchOS.app */,
				7AFDA55E2AC1592800D3A1F0 /* FallBallWatchOS Watch App.app */,
				7AFDA5702AC1592900D3A1F0 /* FallBallWatchOS Watch AppTests.xctest */,
				7AFDA57A2AC1592A00D3A1F0 /* FallBallWatchOS Watch AppUITests.xctest */,
			);
			name = Products;
			sourceTree = "<group>";
		};
		7AD2343D2A5F824800ED626D /* endlessfaller */ = {
			isa = PBXGroup;
			children = (
				7AD2343E2A5F824800ED626D /* endlessfallerApp.swift */,
				7A6977CE2A956D63005967F1 /* Configs */,
				7A6977CB2A956C95005967F1 /* Media */,
				7A6977CD2A956D01005967F1 /* Views */,
				7AD234442A5F824900ED626D /* endlessfaller.entitlements */,
				7AD234452A5F824900ED626D /* Preview Content */,
			);
			path = endlessfaller;
			sourceTree = "<group>";
		};
		7AD234452A5F824900ED626D /* Preview Content */ = {
			isa = PBXGroup;
			children = (
				7AD234462A5F824900ED626D /* Preview Assets.xcassets */,
			);
			path = "Preview Content";
			sourceTree = "<group>";
		};
		7AD2344F2A5F824900ED626D /* endlessfallerTests */ = {
			isa = PBXGroup;
			children = (
				7AD234502A5F824900ED626D /* endlessfallerTests.swift */,
			);
			path = endlessfallerTests;
			sourceTree = "<group>";
		};
		7AD234592A5F824900ED626D /* endlessfallerUITests */ = {
			isa = PBXGroup;
			children = (
				7AD2345A2A5F824900ED626D /* endlessfallerUITests.swift */,
				7AD2345C2A5F824900ED626D /* endlessfallerUITestsLaunchTests.swift */,
			);
			path = endlessfallerUITests;
			sourceTree = "<group>";
		};
		7AFDA5622AC1592800D3A1F0 /* FallBallWatchOS Watch App */ = {
			isa = PBXGroup;
			children = (
				7AFDA5632AC1592800D3A1F0 /* FallBallWatchOSApp.swift */,
				7AFDA5652AC1592800D3A1F0 /* ContentView.swift */,
				7AFDA5672AC1592900D3A1F0 /* Assets.xcassets */,
				7AFDA5692AC1592900D3A1F0 /* Preview Content */,
			);
			path = "FallBallWatchOS Watch App";
			sourceTree = "<group>";
		};
		7AFDA5692AC1592900D3A1F0 /* Preview Content */ = {
			isa = PBXGroup;
			children = (
				7AFDA56A2AC1592900D3A1F0 /* Preview Assets.xcassets */,
			);
			path = "Preview Content";
			sourceTree = "<group>";
		};
		7AFDA5732AC1592A00D3A1F0 /* FallBallWatchOS Watch AppTests */ = {
			isa = PBXGroup;
			children = (
				7AFDA5742AC1592A00D3A1F0 /* FallBallWatchOS_Watch_AppTests.swift */,
			);
			path = "FallBallWatchOS Watch AppTests";
			sourceTree = "<group>";
		};
		7AFDA57D2AC1592A00D3A1F0 /* FallBallWatchOS Watch AppUITests */ = {
			isa = PBXGroup;
			children = (
				7AFDA57E2AC1592A00D3A1F0 /* FallBallWatchOS_Watch_AppUITests.swift */,
				7AFDA5802AC1592A00D3A1F0 /* FallBallWatchOS_Watch_AppUITestsLaunchTests.swift */,
			);
			path = "FallBallWatchOS Watch AppUITests";
			sourceTree = "<group>";
		};
/* End PBXGroup section */

/* Begin PBXNativeTarget section */
		7AD2343A2A5F824800ED626D /* Fall Ball */ = {
			isa = PBXNativeTarget;
			buildConfigurationList = 7AD234602A5F824900ED626D /* Build configuration list for PBXNativeTarget "Fall Ball" */;
			buildPhases = (
				7AD234372A5F824800ED626D /* Sources */,
				7AD234382A5F824800ED626D /* Frameworks */,
				7AD234392A5F824800ED626D /* Resources */,
				7A4804512B54EF6600B6CE87 /* Embed App Clips */,
			);
			buildRules = (
			);
			dependencies = (
			);
			name = "Fall Ball";
			packageProductDependencies = (
				7A9755D52B78717200473737 /* CloudStorage */,
				7A1E4F772B7AFBCC00CDF00F /* CircularProgress */,
				7A38B59B2B85727000DDD280 /* Vortex */,
				7A689B3B2BA79AE1006D3AA5 /* SwizzleSwift */,
				7AA5F9742BBCFF2F0003B2AD /* SwiftFX */,
			);
			productName = endlessfaller;
			productReference = 7AD2343B2A5F824800ED626D /* Fall Ball.app */;
			productType = "com.apple.product-type.application";
		};
		7AD2344B2A5F824900ED626D /* endlessfallerTests */ = {
			isa = PBXNativeTarget;
			buildConfigurationList = 7AD234632A5F824900ED626D /* Build configuration list for PBXNativeTarget "endlessfallerTests" */;
			buildPhases = (
				7AD234482A5F824900ED626D /* Sources */,
				7AD234492A5F824900ED626D /* Frameworks */,
				7AD2344A2A5F824900ED626D /* Resources */,
			);
			buildRules = (
			);
			dependencies = (
				7AD2344E2A5F824900ED626D /* PBXTargetDependency */,
			);
			name = endlessfallerTests;
			productName = endlessfallerTests;
			productReference = 7AD2344C2A5F824900ED626D /* endlessfallerTests.xctest */;
			productType = "com.apple.product-type.bundle.unit-test";
		};
		7AD234552A5F824900ED626D /* endlessfallerUITests */ = {
			isa = PBXNativeTarget;
			buildConfigurationList = 7AD234662A5F824900ED626D /* Build configuration list for PBXNativeTarget "endlessfallerUITests" */;
			buildPhases = (
				7AD234522A5F824900ED626D /* Sources */,
				7AD234532A5F824900ED626D /* Frameworks */,
				7AD234542A5F824900ED626D /* Resources */,
			);
			buildRules = (
			);
			dependencies = (
				7AD234582A5F824900ED626D /* PBXTargetDependency */,
			);
			name = endlessfallerUITests;
			productName = endlessfallerUITests;
			productReference = 7AD234562A5F824900ED626D /* endlessfallerUITests.xctest */;
			productType = "com.apple.product-type.bundle.ui-testing";
		};
		7AFDA5582AC1592800D3A1F0 /* FallBallWatchOS */ = {
			isa = PBXNativeTarget;
			buildConfigurationList = 7AFDA5862AC1592A00D3A1F0 /* Build configuration list for PBXNativeTarget "FallBallWatchOS" */;
			buildPhases = (
				7AFDA5572AC1592800D3A1F0 /* Resources */,
				7AFDA5852AC1592A00D3A1F0 /* Embed Watch Content */,
			);
			buildRules = (
			);
			dependencies = (
				7AFDA5612AC1592800D3A1F0 /* PBXTargetDependency */,
			);
			name = FallBallWatchOS;
			productName = FallBallWatchOS;
			productReference = 7AFDA5592AC1592800D3A1F0 /* FallBallWatchOS.app */;
			productType = "com.apple.product-type.application.watchapp2-container";
		};
		7AFDA55D2AC1592800D3A1F0 /* FallBallWatchOS Watch App */ = {
			isa = PBXNativeTarget;
			buildConfigurationList = 7AFDA5822AC1592A00D3A1F0 /* Build configuration list for PBXNativeTarget "FallBallWatchOS Watch App" */;
			buildPhases = (
				7AFDA55A2AC1592800D3A1F0 /* Sources */,
				7AFDA55B2AC1592800D3A1F0 /* Frameworks */,
				7AFDA55C2AC1592800D3A1F0 /* Resources */,
			);
			buildRules = (
			);
			dependencies = (
			);
			name = "FallBallWatchOS Watch App";
			productName = "FallBallWatchOS Watch App";
			productReference = 7AFDA55E2AC1592800D3A1F0 /* FallBallWatchOS Watch App.app */;
			productType = "com.apple.product-type.application";
		};
		7AFDA56F2AC1592900D3A1F0 /* FallBallWatchOS Watch AppTests */ = {
			isa = PBXNativeTarget;
			buildConfigurationList = 7AFDA5892AC1592A00D3A1F0 /* Build configuration list for PBXNativeTarget "FallBallWatchOS Watch AppTests" */;
			buildPhases = (
				7AFDA56C2AC1592900D3A1F0 /* Sources */,
				7AFDA56D2AC1592900D3A1F0 /* Frameworks */,
				7AFDA56E2AC1592900D3A1F0 /* Resources */,
			);
			buildRules = (
			);
			dependencies = (
				7AFDA5722AC1592A00D3A1F0 /* PBXTargetDependency */,
			);
			name = "FallBallWatchOS Watch AppTests";
			productName = "FallBallWatchOS Watch AppTests";
			productReference = 7AFDA5702AC1592900D3A1F0 /* FallBallWatchOS Watch AppTests.xctest */;
			productType = "com.apple.product-type.bundle.unit-test";
		};
		7AFDA5792AC1592A00D3A1F0 /* FallBallWatchOS Watch AppUITests */ = {
			isa = PBXNativeTarget;
			buildConfigurationList = 7AFDA58C2AC1592A00D3A1F0 /* Build configuration list for PBXNativeTarget "FallBallWatchOS Watch AppUITests" */;
			buildPhases = (
				7AFDA5762AC1592A00D3A1F0 /* Sources */,
				7AFDA5772AC1592A00D3A1F0 /* Frameworks */,
				7AFDA5782AC1592A00D3A1F0 /* Resources */,
			);
			buildRules = (
			);
			dependencies = (
				7AFDA57C2AC1592A00D3A1F0 /* PBXTargetDependency */,
			);
			name = "FallBallWatchOS Watch AppUITests";
			productName = "FallBallWatchOS Watch AppUITests";
			productReference = 7AFDA57A2AC1592A00D3A1F0 /* FallBallWatchOS Watch AppUITests.xctest */;
			productType = "com.apple.product-type.bundle.ui-testing";
		};
/* End PBXNativeTarget section */

/* Begin PBXProject section */
		7AD234332A5F824800ED626D /* Project object */ = {
			isa = PBXProject;
			attributes = {
				BuildIndependentTargetsInParallel = 1;
				LastSwiftUpdateCheck = 1500;
				LastUpgradeCheck = 1520;
				TargetAttributes = {
					7AD2343A2A5F824800ED626D = {
						CreatedOnToolsVersion = 14.3;
					};
					7AD2344B2A5F824900ED626D = {
						CreatedOnToolsVersion = 14.3;
						TestTargetID = 7AD2343A2A5F824800ED626D;
					};
					7AD234552A5F824900ED626D = {
						CreatedOnToolsVersion = 14.3;
						TestTargetID = 7AD2343A2A5F824800ED626D;
					};
					7AFDA5582AC1592800D3A1F0 = {
						CreatedOnToolsVersion = 15.0;
					};
					7AFDA55D2AC1592800D3A1F0 = {
						CreatedOnToolsVersion = 15.0;
					};
					7AFDA56F2AC1592900D3A1F0 = {
						CreatedOnToolsVersion = 15.0;
						TestTargetID = 7AFDA55D2AC1592800D3A1F0;
					};
					7AFDA5792AC1592A00D3A1F0 = {
						CreatedOnToolsVersion = 15.0;
						TestTargetID = 7AFDA55D2AC1592800D3A1F0;
					};
				};
			};
			buildConfigurationList = 7AD234362A5F824800ED626D /* Build configuration list for PBXProject "endlessfaller" */;
			compatibilityVersion = "Xcode 14.0";
			developmentRegion = en;
			hasScannedForEncodings = 0;
			knownRegions = (
				en,
				Base,
			);
			mainGroup = 7AD234322A5F824800ED626D;
			packageReferences = (
				7AD234692A5F848700ED626D /* XCRemoteSwiftPackageReference "swiftui-vertical-tab-view" */,
				7A3CEA5D2A896FAF00A79E65 /* XCRemoteSwiftPackageReference "FLAnimatedImage" */,
				7A3CEA602A89F6A400A79E65 /* XCRemoteSwiftPackageReference "SDWebImageSwiftUI" */,
				7A9755D42B7867C100473737 /* XCRemoteSwiftPackageReference "CloudStorage" */,
				7A1E4F762B7AFBCC00CDF00F /* XCRemoteSwiftPackageReference "circular-progress" */,
				7A38B59A2B85727000DDD280 /* XCRemoteSwiftPackageReference "Vortex" */,
				7A689B3A2BA79AE1006D3AA5 /* XCRemoteSwiftPackageReference "SwizzleSwift" */,
				7AA5F9732BBCFF2F0003B2AD /* XCRemoteSwiftPackageReference "SwiftFX" */,
			);
			productRefGroup = 7AD2343C2A5F824800ED626D /* Products */;
			projectDirPath = "";
			projectRoot = "";
			targets = (
				7AD2343A2A5F824800ED626D /* Fall Ball */,
				7AD2344B2A5F824900ED626D /* endlessfallerTests */,
				7AD234552A5F824900ED626D /* endlessfallerUITests */,
				7AFDA5582AC1592800D3A1F0 /* FallBallWatchOS */,
				7AFDA55D2AC1592800D3A1F0 /* FallBallWatchOS Watch App */,
				7AFDA56F2AC1592900D3A1F0 /* FallBallWatchOS Watch AppTests */,
				7AFDA5792AC1592A00D3A1F0 /* FallBallWatchOS Watch AppUITests */,
			);
		};
/* End PBXProject section */

/* Begin PBXResourcesBuildPhase section */
		7AD234392A5F824800ED626D /* Resources */ = {
			isa = PBXResourcesBuildPhase;
			buildActionMask = 2147483647;
			files = (
				7A675CED2B835E74001DEF29 /* BoingNotification.caf in Resources */,
				7A0598092B08976E0053646D /* Boing.mp3 in Resources */,
				7A43B22E2AA3D74B0099AFB6 /* punchSFX.mp3 in Resources */,
				7A1B4B322BC660D500C58084 /* PrivacyInfo.xcprivacy in Resources */,
				7AB05CE52A65C67A00EE4D7B /* ProductList.plist in Resources */,
				7A05980A2B08976E0053646D /* DingDingDing.mp3 in Resources */,
				7AD234472A5F824900ED626D /* Preview Assets.xcassets in Resources */,
				7AD234432A5F824900ED626D /* Assets.xcassets in Resources */,
				7A43B2302AA3D7830099AFB6 /* FallBallOST120.mp3 in Resources */,
			);
			runOnlyForDeploymentPostprocessing = 0;
		};
		7AD2344A2A5F824900ED626D /* Resources */ = {
			isa = PBXResourcesBuildPhase;
			buildActionMask = 2147483647;
			files = (
			);
			runOnlyForDeploymentPostprocessing = 0;
		};
		7AD234542A5F824900ED626D /* Resources */ = {
			isa = PBXResourcesBuildPhase;
			buildActionMask = 2147483647;
			files = (
			);
			runOnlyForDeploymentPostprocessing = 0;
		};
		7AFDA5572AC1592800D3A1F0 /* Resources */ = {
			isa = PBXResourcesBuildPhase;
			buildActionMask = 2147483647;
			files = (
			);
			runOnlyForDeploymentPostprocessing = 0;
		};
		7AFDA55C2AC1592800D3A1F0 /* Resources */ = {
			isa = PBXResourcesBuildPhase;
			buildActionMask = 2147483647;
			files = (
				7AFDA56B2AC1592900D3A1F0 /* Preview Assets.xcassets in Resources */,
				7AFDA5682AC1592900D3A1F0 /* Assets.xcassets in Resources */,
			);
			runOnlyForDeploymentPostprocessing = 0;
		};
		7AFDA56E2AC1592900D3A1F0 /* Resources */ = {
			isa = PBXResourcesBuildPhase;
			buildActionMask = 2147483647;
			files = (
			);
			runOnlyForDeploymentPostprocessing = 0;
		};
		7AFDA5782AC1592A00D3A1F0 /* Resources */ = {
			isa = PBXResourcesBuildPhase;
			buildActionMask = 2147483647;
			files = (
			);
			runOnlyForDeploymentPostprocessing = 0;
		};
/* End PBXResourcesBuildPhase section */

/* Begin PBXSourcesBuildPhase section */
		7AD234372A5F824800ED626D /* Sources */ = {
			isa = PBXSourcesBuildPhase;
			buildActionMask = 2147483647;
			files = (
				7AB05CE22A65C5AC00EE4D7B /* StoreKitManager.swift in Sources */,
				7AF3EC682B8FFB22003FE015 /* NBQRView.swift in Sources */,
				7AD234412A5F824800ED626D /* ContentView.swift in Sources */,
				7AB05CDF2A64EC4F00EE4D7B /* CharactersDesignsView.swift in Sources */,
				7A689B392BA7853F006D3AA5 /* LeaderboardInfoView.swift in Sources */,
				7AD234752A64533700ED626D /* AppModel.swift in Sources */,
				7AF3EC662B8C2F2D003FE015 /* CloudKitUtility.swift in Sources */,
				7A327D542AD3E700002700DD /* SecretShopView.swift in Sources */,
				7A2F39BA2BA0E4C400B15E5E /* NotificationManager.swift in Sources */,
				7A2201342AB6739000DF04D7 /* GameCenter.swift in Sources */,
				7AA3F7C72ADE2EBA002AD6CC /* HatDesignsView.swift in Sources */,
				7AC089392B7EC818008DD71D /* BallAnimationManager.swift in Sources */,
				7ABA579A2BA4CD36000E5907 /* RandomGradientView.swift in Sources */,
				7AC672AD2BA5072B0055CCDE /* InfiniteBoinsView.swift in Sources */,
				7A7D3C562A86BDFB00F52F26 /* AnimationsView.swift in Sources */,
				7A0BB1C62B4F5EB70048B247 /* SharePlayActivity.swift in Sources */,
				7AEA1AB42AE5C9CA00FE6DB5 /* ContinuePlayingView.swift in Sources */,
				7AD234732A63A1FA00ED626D /* CharactersMenuView.swift in Sources */,
				7AD2346D2A60A9E100ED626D /* IconView.swift in Sources */,
				7AD2346F2A62019800ED626D /* TempView.swift in Sources */,
				7A3C9B692B80E9800097D3F9 /* HUDView.swift in Sources */,
				7AD2343F2A5F824800ED626D /* endlessfallerApp.swift in Sources */,
				7A3C9B6B2B80FF310097D3F9 /* PlayingBallView.swift in Sources */,
				7AA3F7C52ADB9C18002AD6CC /* BallsDetailsView.swift in Sources */,
				7A45C6042B86CB3A004E0986 /* AppStoreScreenShotsView.swift in Sources */,
				7A38B5992B85723400DDD280 /* GKScoreChallengeTesterView.swift in Sources */,
				7A43B2322AA3E0440099AFB6 /* QRView.swift in Sources */,
				7A0BB1C82B4F5ECE0048B247 /* ActivitySharingViewController.swift in Sources */,
				7A0BB1CE2B51C4DC0048B247 /* LandingPageView.swift in Sources */,
				7A43B2342AA566A50099AFB6 /* TitleView.swift in Sources */,
				7A0BB1CC2B4FD4590048B247 /* AudioManager.swift in Sources */,
				7AFFE22A2B95AE590039214C /* LevelsToPassPlayerView.swift in Sources */,
				7A35C17A2AC385B200A3D754 /* GameCenterLeaderboardView.swift in Sources */,
				7A16C4492B6AF63C00B6D3B1 /* UserData.swift in Sources */,
				7A0BB1CA2B4FD1A20048B247 /* HomeButtonsView.swift in Sources */,
				7A0BB1D02B51CA580048B247 /* GameOverScreenView.swift in Sources */,
				7AEA1AB22AE46BDE00FE6DB5 /* CurrencyPageView.swift in Sources */,
				7AE879AD2ACF3F21002CDD4F /* ShareView.swift in Sources */,
				7AE879AB2ACF28FE002CDD4F /* PlayersPlaqueView.swift in Sources */,
			);
			runOnlyForDeploymentPostprocessing = 0;
		};
		7AD234482A5F824900ED626D /* Sources */ = {
			isa = PBXSourcesBuildPhase;
			buildActionMask = 2147483647;
			files = (
				7AD234512A5F824900ED626D /* endlessfallerTests.swift in Sources */,
			);
			runOnlyForDeploymentPostprocessing = 0;
		};
		7AD234522A5F824900ED626D /* Sources */ = {
			isa = PBXSourcesBuildPhase;
			buildActionMask = 2147483647;
			files = (
				7AD2345B2A5F824900ED626D /* endlessfallerUITests.swift in Sources */,
				7AD2345D2A5F824900ED626D /* endlessfallerUITestsLaunchTests.swift in Sources */,
			);
			runOnlyForDeploymentPostprocessing = 0;
		};
		7AFDA55A2AC1592800D3A1F0 /* Sources */ = {
			isa = PBXSourcesBuildPhase;
			buildActionMask = 2147483647;
			files = (
				7AFDA5662AC1592800D3A1F0 /* ContentView.swift in Sources */,
				7AFDA5642AC1592800D3A1F0 /* FallBallWatchOSApp.swift in Sources */,
			);
			runOnlyForDeploymentPostprocessing = 0;
		};
		7AFDA56C2AC1592900D3A1F0 /* Sources */ = {
			isa = PBXSourcesBuildPhase;
			buildActionMask = 2147483647;
			files = (
				7AFDA5752AC1592A00D3A1F0 /* FallBallWatchOS_Watch_AppTests.swift in Sources */,
			);
			runOnlyForDeploymentPostprocessing = 0;
		};
		7AFDA5762AC1592A00D3A1F0 /* Sources */ = {
			isa = PBXSourcesBuildPhase;
			buildActionMask = 2147483647;
			files = (
				7AFDA5812AC1592A00D3A1F0 /* FallBallWatchOS_Watch_AppUITestsLaunchTests.swift in Sources */,
				7AFDA57F2AC1592A00D3A1F0 /* FallBallWatchOS_Watch_AppUITests.swift in Sources */,
			);
			runOnlyForDeploymentPostprocessing = 0;
		};
/* End PBXSourcesBuildPhase section */

/* Begin PBXTargetDependency section */
		7AD2344E2A5F824900ED626D /* PBXTargetDependency */ = {
			isa = PBXTargetDependency;
			target = 7AD2343A2A5F824800ED626D /* Fall Ball */;
			targetProxy = 7AD2344D2A5F824900ED626D /* PBXContainerItemProxy */;
		};
		7AD234582A5F824900ED626D /* PBXTargetDependency */ = {
			isa = PBXTargetDependency;
			target = 7AD2343A2A5F824800ED626D /* Fall Ball */;
			targetProxy = 7AD234572A5F824900ED626D /* PBXContainerItemProxy */;
		};
		7AFDA5612AC1592800D3A1F0 /* PBXTargetDependency */ = {
			isa = PBXTargetDependency;
			target = 7AFDA55D2AC1592800D3A1F0 /* FallBallWatchOS Watch App */;
			targetProxy = 7AFDA5602AC1592800D3A1F0 /* PBXContainerItemProxy */;
		};
		7AFDA5722AC1592A00D3A1F0 /* PBXTargetDependency */ = {
			isa = PBXTargetDependency;
			target = 7AFDA55D2AC1592800D3A1F0 /* FallBallWatchOS Watch App */;
			targetProxy = 7AFDA5712AC1592A00D3A1F0 /* PBXContainerItemProxy */;
		};
		7AFDA57C2AC1592A00D3A1F0 /* PBXTargetDependency */ = {
			isa = PBXTargetDependency;
			target = 7AFDA55D2AC1592800D3A1F0 /* FallBallWatchOS Watch App */;
			targetProxy = 7AFDA57B2AC1592A00D3A1F0 /* PBXContainerItemProxy */;
		};
/* End PBXTargetDependency section */

/* Begin XCBuildConfiguration section */
		7AD2345E2A5F824900ED626D /* Debug */ = {
			isa = XCBuildConfiguration;
			buildSettings = {
				ALWAYS_SEARCH_USER_PATHS = NO;
				CLANG_ANALYZER_NONNULL = YES;
				CLANG_ANALYZER_NUMBER_OBJECT_CONVERSION = YES_AGGRESSIVE;
				CLANG_CXX_LANGUAGE_STANDARD = "gnu++20";
				CLANG_ENABLE_MODULES = YES;
				CLANG_ENABLE_OBJC_ARC = YES;
				CLANG_ENABLE_OBJC_WEAK = YES;
				CLANG_WARN_BLOCK_CAPTURE_AUTORELEASING = YES;
				CLANG_WARN_BOOL_CONVERSION = YES;
				CLANG_WARN_COMMA = YES;
				CLANG_WARN_CONSTANT_CONVERSION = YES;
				CLANG_WARN_DEPRECATED_OBJC_IMPLEMENTATIONS = YES;
				CLANG_WARN_DIRECT_OBJC_ISA_USAGE = YES_ERROR;
				CLANG_WARN_DOCUMENTATION_COMMENTS = YES;
				CLANG_WARN_EMPTY_BODY = YES;
				CLANG_WARN_ENUM_CONVERSION = YES;
				CLANG_WARN_INFINITE_RECURSION = YES;
				CLANG_WARN_INT_CONVERSION = YES;
				CLANG_WARN_NON_LITERAL_NULL_CONVERSION = YES;
				CLANG_WARN_OBJC_IMPLICIT_RETAIN_SELF = YES;
				CLANG_WARN_OBJC_LITERAL_CONVERSION = YES;
				CLANG_WARN_OBJC_ROOT_CLASS = YES_ERROR;
				CLANG_WARN_QUOTED_INCLUDE_IN_FRAMEWORK_HEADER = YES;
				CLANG_WARN_RANGE_LOOP_ANALYSIS = YES;
				CLANG_WARN_STRICT_PROTOTYPES = YES;
				CLANG_WARN_SUSPICIOUS_MOVE = YES;
				CLANG_WARN_UNGUARDED_AVAILABILITY = YES_AGGRESSIVE;
				CLANG_WARN_UNREACHABLE_CODE = YES;
				CLANG_WARN__DUPLICATE_METHOD_MATCH = YES;
				COPY_PHASE_STRIP = NO;
				DEAD_CODE_STRIPPING = YES;
				DEBUG_INFORMATION_FORMAT = dwarf;
				ENABLE_STRICT_OBJC_MSGSEND = YES;
				ENABLE_TESTABILITY = YES;
				GCC_C_LANGUAGE_STANDARD = gnu11;
				GCC_DYNAMIC_NO_PIC = NO;
				GCC_NO_COMMON_BLOCKS = YES;
				GCC_OPTIMIZATION_LEVEL = 0;
				GCC_PREPROCESSOR_DEFINITIONS = (
					"DEBUG=1",
					"$(inherited)",
				);
				GCC_WARN_64_TO_32_BIT_CONVERSION = YES;
				GCC_WARN_ABOUT_RETURN_TYPE = YES_ERROR;
				GCC_WARN_UNDECLARED_SELECTOR = YES;
				GCC_WARN_UNINITIALIZED_AUTOS = YES_AGGRESSIVE;
				GCC_WARN_UNUSED_FUNCTION = YES;
				GCC_WARN_UNUSED_VARIABLE = YES;
				IPHONEOS_DEPLOYMENT_TARGET = 16.0;
				MTL_ENABLE_DEBUG_INFO = INCLUDE_SOURCE;
				MTL_FAST_MATH = YES;
				ONLY_ACTIVE_ARCH = YES;
				SWIFT_ACTIVE_COMPILATION_CONDITIONS = DEBUG;
				SWIFT_OPTIMIZATION_LEVEL = "-Onone";
			};
			name = Debug;
		};
		7AD2345F2A5F824900ED626D /* Release */ = {
			isa = XCBuildConfiguration;
			buildSettings = {
				ALWAYS_SEARCH_USER_PATHS = NO;
				CLANG_ANALYZER_NONNULL = YES;
				CLANG_ANALYZER_NUMBER_OBJECT_CONVERSION = YES_AGGRESSIVE;
				CLANG_CXX_LANGUAGE_STANDARD = "gnu++20";
				CLANG_ENABLE_MODULES = YES;
				CLANG_ENABLE_OBJC_ARC = YES;
				CLANG_ENABLE_OBJC_WEAK = YES;
				CLANG_WARN_BLOCK_CAPTURE_AUTORELEASING = YES;
				CLANG_WARN_BOOL_CONVERSION = YES;
				CLANG_WARN_COMMA = YES;
				CLANG_WARN_CONSTANT_CONVERSION = YES;
				CLANG_WARN_DEPRECATED_OBJC_IMPLEMENTATIONS = YES;
				CLANG_WARN_DIRECT_OBJC_ISA_USAGE = YES_ERROR;
				CLANG_WARN_DOCUMENTATION_COMMENTS = YES;
				CLANG_WARN_EMPTY_BODY = YES;
				CLANG_WARN_ENUM_CONVERSION = YES;
				CLANG_WARN_INFINITE_RECURSION = YES;
				CLANG_WARN_INT_CONVERSION = YES;
				CLANG_WARN_NON_LITERAL_NULL_CONVERSION = YES;
				CLANG_WARN_OBJC_IMPLICIT_RETAIN_SELF = YES;
				CLANG_WARN_OBJC_LITERAL_CONVERSION = YES;
				CLANG_WARN_OBJC_ROOT_CLASS = YES_ERROR;
				CLANG_WARN_QUOTED_INCLUDE_IN_FRAMEWORK_HEADER = YES;
				CLANG_WARN_RANGE_LOOP_ANALYSIS = YES;
				CLANG_WARN_STRICT_PROTOTYPES = YES;
				CLANG_WARN_SUSPICIOUS_MOVE = YES;
				CLANG_WARN_UNGUARDED_AVAILABILITY = YES_AGGRESSIVE;
				CLANG_WARN_UNREACHABLE_CODE = YES;
				CLANG_WARN__DUPLICATE_METHOD_MATCH = YES;
				COPY_PHASE_STRIP = NO;
				DEAD_CODE_STRIPPING = YES;
				DEBUG_INFORMATION_FORMAT = "dwarf-with-dsym";
				ENABLE_NS_ASSERTIONS = NO;
				ENABLE_STRICT_OBJC_MSGSEND = YES;
				GCC_C_LANGUAGE_STANDARD = gnu11;
				GCC_NO_COMMON_BLOCKS = YES;
				GCC_WARN_64_TO_32_BIT_CONVERSION = YES;
				GCC_WARN_ABOUT_RETURN_TYPE = YES_ERROR;
				GCC_WARN_UNDECLARED_SELECTOR = YES;
				GCC_WARN_UNINITIALIZED_AUTOS = YES_AGGRESSIVE;
				GCC_WARN_UNUSED_FUNCTION = YES;
				GCC_WARN_UNUSED_VARIABLE = YES;
				IPHONEOS_DEPLOYMENT_TARGET = 16.0;
				MTL_ENABLE_DEBUG_INFO = NO;
				MTL_FAST_MATH = YES;
				SWIFT_COMPILATION_MODE = wholemodule;
				SWIFT_OPTIMIZATION_LEVEL = "-O";
			};
			name = Release;
		};
		7AD234612A5F824900ED626D /* Debug */ = {
			isa = XCBuildConfiguration;
			buildSettings = {
				ALWAYS_EMBED_SWIFT_STANDARD_LIBRARIES = YES;
				ASSETCATALOG_COMPILER_APPICON_NAME = AppIcon;
				ASSETCATALOG_COMPILER_GLOBAL_ACCENT_COLOR_NAME = AccentColor;
				ASSETCATALOG_COMPILER_INCLUDE_ALL_APPICON_ASSETS = YES;
				CODE_SIGN_ENTITLEMENTS = endlessfaller/endlessfaller.entitlements;
				CODE_SIGN_STYLE = Automatic;
				CURRENT_PROJECT_VERSION = 1.7.4;
				DEAD_CODE_STRIPPING = YES;
				DEVELOPMENT_ASSET_PATHS = "\"endlessfaller/Preview Content\"";
				DEVELOPMENT_TEAM = 3Y2Y4CJNN6;
				ENABLE_HARDENED_RUNTIME = YES;
				ENABLE_PREVIEWS = YES;
				GENERATE_INFOPLIST_FILE = YES;
				INFOPLIST_FILE = "Fall-Ball-Info.plist";
				INFOPLIST_KEY_NSPhotoLibraryAddUsageDescription = "This App would like to save photo to photo library";
				"INFOPLIST_KEY_UIApplicationSceneManifest_Generation[sdk=iphoneos*]" = YES;
				"INFOPLIST_KEY_UIApplicationSceneManifest_Generation[sdk=iphonesimulator*]" = YES;
				"INFOPLIST_KEY_UIApplicationSupportsIndirectInputEvents[sdk=iphoneos*]" = YES;
				"INFOPLIST_KEY_UIApplicationSupportsIndirectInputEvents[sdk=iphonesimulator*]" = YES;
				"INFOPLIST_KEY_UILaunchScreen_Generation[sdk=iphoneos*]" = YES;
				"INFOPLIST_KEY_UILaunchScreen_Generation[sdk=iphonesimulator*]" = YES;
				INFOPLIST_KEY_UIRequiresFullScreen = YES;
				"INFOPLIST_KEY_UIStatusBarStyle[sdk=iphoneos*]" = UIStatusBarStyleDefault;
				"INFOPLIST_KEY_UIStatusBarStyle[sdk=iphonesimulator*]" = UIStatusBarStyleDefault;
				INFOPLIST_KEY_UISupportedInterfaceOrientations = UIInterfaceOrientationPortrait;
				IPHONEOS_DEPLOYMENT_TARGET = 16.0;
				"IPHONEOS_DEPLOYMENT_TARGET[sdk=iphoneos*]" = 16.0;
				LD_RUNPATH_SEARCH_PATHS = "@executable_path/Frameworks";
				"LD_RUNPATH_SEARCH_PATHS[sdk=macosx*]" = "@executable_path/../Frameworks";
				MACOSX_DEPLOYMENT_TARGET = 13.3;
				MARKETING_VERSION = 1.7.4;
				PRODUCT_BUNDLE_IDENTIFIER = io.endlessfall;
				PRODUCT_NAME = "$(TARGET_NAME)";
				SDKROOT = auto;
				SUPPORTED_PLATFORMS = "iphoneos iphonesimulator";
				SUPPORTS_MACCATALYST = NO;
				SUPPORTS_MAC_DESIGNED_FOR_IPHONE_IPAD = NO;
				SUPPORTS_XR_DESIGNED_FOR_IPHONE_IPAD = YES;
				SWIFT_EMIT_LOC_STRINGS = YES;
				SWIFT_VERSION = 5.0;
				TARGETED_DEVICE_FAMILY = "1,2";
			};
			name = Debug;
		};
		7AD234622A5F824900ED626D /* Release */ = {
			isa = XCBuildConfiguration;
			buildSettings = {
				ALWAYS_EMBED_SWIFT_STANDARD_LIBRARIES = YES;
				ASSETCATALOG_COMPILER_APPICON_NAME = AppIcon;
				ASSETCATALOG_COMPILER_GLOBAL_ACCENT_COLOR_NAME = AccentColor;
				ASSETCATALOG_COMPILER_INCLUDE_ALL_APPICON_ASSETS = YES;
				CODE_SIGN_ENTITLEMENTS = endlessfaller/endlessfaller.entitlements;
				CODE_SIGN_STYLE = Automatic;
				CURRENT_PROJECT_VERSION = 1.7.4;
				DEAD_CODE_STRIPPING = YES;
				DEVELOPMENT_ASSET_PATHS = "\"endlessfaller/Preview Content\"";
				DEVELOPMENT_TEAM = 3Y2Y4CJNN6;
				ENABLE_HARDENED_RUNTIME = YES;
				ENABLE_PREVIEWS = YES;
				GENERATE_INFOPLIST_FILE = YES;
				INFOPLIST_FILE = "Fall-Ball-Info.plist";
				INFOPLIST_KEY_NSPhotoLibraryAddUsageDescription = "This App would like to save photo to photo library";
				"INFOPLIST_KEY_UIApplicationSceneManifest_Generation[sdk=iphoneos*]" = YES;
				"INFOPLIST_KEY_UIApplicationSceneManifest_Generation[sdk=iphonesimulator*]" = YES;
				"INFOPLIST_KEY_UIApplicationSupportsIndirectInputEvents[sdk=iphoneos*]" = YES;
				"INFOPLIST_KEY_UIApplicationSupportsIndirectInputEvents[sdk=iphonesimulator*]" = YES;
				"INFOPLIST_KEY_UILaunchScreen_Generation[sdk=iphoneos*]" = YES;
				"INFOPLIST_KEY_UILaunchScreen_Generation[sdk=iphonesimulator*]" = YES;
				INFOPLIST_KEY_UIRequiresFullScreen = YES;
				"INFOPLIST_KEY_UIStatusBarStyle[sdk=iphoneos*]" = UIStatusBarStyleDefault;
				"INFOPLIST_KEY_UIStatusBarStyle[sdk=iphonesimulator*]" = UIStatusBarStyleDefault;
				INFOPLIST_KEY_UISupportedInterfaceOrientations = UIInterfaceOrientationPortrait;
				IPHONEOS_DEPLOYMENT_TARGET = 16.0;
				"IPHONEOS_DEPLOYMENT_TARGET[sdk=iphoneos*]" = 16.0;
				LD_RUNPATH_SEARCH_PATHS = "@executable_path/Frameworks";
				"LD_RUNPATH_SEARCH_PATHS[sdk=macosx*]" = "@executable_path/../Frameworks";
				MACOSX_DEPLOYMENT_TARGET = 13.3;
				MARKETING_VERSION = 1.7.4;
				PRODUCT_BUNDLE_IDENTIFIER = io.endlessfall;
				PRODUCT_NAME = "$(TARGET_NAME)";
				SDKROOT = auto;
				SUPPORTED_PLATFORMS = "iphoneos iphonesimulator";
				SUPPORTS_MACCATALYST = NO;
				SUPPORTS_MAC_DESIGNED_FOR_IPHONE_IPAD = NO;
				SUPPORTS_XR_DESIGNED_FOR_IPHONE_IPAD = YES;
				SWIFT_EMIT_LOC_STRINGS = YES;
				SWIFT_VERSION = 5.0;
				TARGETED_DEVICE_FAMILY = "1,2";
			};
			name = Release;
		};
		7AD234642A5F824900ED626D /* Debug */ = {
			isa = XCBuildConfiguration;
			buildSettings = {
				ALWAYS_EMBED_SWIFT_STANDARD_LIBRARIES = YES;
				BUNDLE_LOADER = "$(TEST_HOST)";
				CODE_SIGN_STYLE = Automatic;
				CURRENT_PROJECT_VERSION = 1;
				DEAD_CODE_STRIPPING = YES;
				DEVELOPMENT_TEAM = 3Y2Y4CJNN6;
				GENERATE_INFOPLIST_FILE = YES;
				IPHONEOS_DEPLOYMENT_TARGET = 16.0;
				MACOSX_DEPLOYMENT_TARGET = 13.3;
				MARKETING_VERSION = 1.0;
				PRODUCT_BUNDLE_IDENTIFIER = com.endlessfallerTests;
				PRODUCT_NAME = "$(TARGET_NAME)";
				SDKROOT = auto;
				SUPPORTED_PLATFORMS = "iphoneos iphonesimulator macosx";
				SWIFT_EMIT_LOC_STRINGS = NO;
				SWIFT_VERSION = 5.0;
				TARGETED_DEVICE_FAMILY = "1,2";
				TEST_HOST = "$(BUILT_PRODUCTS_DIR)/endlessfaller.app/$(BUNDLE_EXECUTABLE_FOLDER_PATH)/endlessfaller";
			};
			name = Debug;
		};
		7AD234652A5F824900ED626D /* Release */ = {
			isa = XCBuildConfiguration;
			buildSettings = {
				ALWAYS_EMBED_SWIFT_STANDARD_LIBRARIES = YES;
				BUNDLE_LOADER = "$(TEST_HOST)";
				CODE_SIGN_STYLE = Automatic;
				CURRENT_PROJECT_VERSION = 1;
				DEAD_CODE_STRIPPING = YES;
				DEVELOPMENT_TEAM = 3Y2Y4CJNN6;
				GENERATE_INFOPLIST_FILE = YES;
				IPHONEOS_DEPLOYMENT_TARGET = 16.0;
				MACOSX_DEPLOYMENT_TARGET = 13.3;
				MARKETING_VERSION = 1.0;
				PRODUCT_BUNDLE_IDENTIFIER = com.endlessfallerTests;
				PRODUCT_NAME = "$(TARGET_NAME)";
				SDKROOT = auto;
				SUPPORTED_PLATFORMS = "iphoneos iphonesimulator macosx";
				SWIFT_EMIT_LOC_STRINGS = NO;
				SWIFT_VERSION = 5.0;
				TARGETED_DEVICE_FAMILY = "1,2";
				TEST_HOST = "$(BUILT_PRODUCTS_DIR)/endlessfaller.app/$(BUNDLE_EXECUTABLE_FOLDER_PATH)/endlessfaller";
			};
			name = Release;
		};
		7AD234672A5F824900ED626D /* Debug */ = {
			isa = XCBuildConfiguration;
			buildSettings = {
				ALWAYS_EMBED_SWIFT_STANDARD_LIBRARIES = YES;
				CODE_SIGN_STYLE = Automatic;
				CURRENT_PROJECT_VERSION = 1;
				DEAD_CODE_STRIPPING = YES;
				DEVELOPMENT_TEAM = 3Y2Y4CJNN6;
				GENERATE_INFOPLIST_FILE = YES;
				IPHONEOS_DEPLOYMENT_TARGET = 16.0;
				MACOSX_DEPLOYMENT_TARGET = 13.3;
				MARKETING_VERSION = 1.0;
				PRODUCT_BUNDLE_IDENTIFIER = com.endlessfallerUITests;
				PRODUCT_NAME = "$(TARGET_NAME)";
				SDKROOT = auto;
				SUPPORTED_PLATFORMS = "iphoneos iphonesimulator macosx";
				SWIFT_EMIT_LOC_STRINGS = NO;
				SWIFT_VERSION = 5.0;
				TARGETED_DEVICE_FAMILY = "1,2";
				TEST_TARGET_NAME = endlessfaller;
			};
			name = Debug;
		};
		7AD234682A5F824900ED626D /* Release */ = {
			isa = XCBuildConfiguration;
			buildSettings = {
				ALWAYS_EMBED_SWIFT_STANDARD_LIBRARIES = YES;
				CODE_SIGN_STYLE = Automatic;
				CURRENT_PROJECT_VERSION = 1;
				DEAD_CODE_STRIPPING = YES;
				DEVELOPMENT_TEAM = 3Y2Y4CJNN6;
				GENERATE_INFOPLIST_FILE = YES;
				IPHONEOS_DEPLOYMENT_TARGET = 16.0;
				MACOSX_DEPLOYMENT_TARGET = 13.3;
				MARKETING_VERSION = 1.0;
				PRODUCT_BUNDLE_IDENTIFIER = com.endlessfallerUITests;
				PRODUCT_NAME = "$(TARGET_NAME)";
				SDKROOT = auto;
				SUPPORTED_PLATFORMS = "iphoneos iphonesimulator macosx";
				SWIFT_EMIT_LOC_STRINGS = NO;
				SWIFT_VERSION = 5.0;
				TARGETED_DEVICE_FAMILY = "1,2";
				TEST_TARGET_NAME = endlessfaller;
			};
			name = Release;
		};
		7AFDA5832AC1592A00D3A1F0 /* Debug */ = {
			isa = XCBuildConfiguration;
			buildSettings = {
				ASSETCATALOG_COMPILER_APPICON_NAME = AppIcon;
				ASSETCATALOG_COMPILER_GENERATE_SWIFT_ASSET_SYMBOL_EXTENSIONS = YES;
				ASSETCATALOG_COMPILER_GLOBAL_ACCENT_COLOR_NAME = AccentColor;
				CODE_SIGN_STYLE = Automatic;
				CURRENT_PROJECT_VERSION = 1;
				DEVELOPMENT_ASSET_PATHS = "\"FallBallWatchOS Watch App/Preview Content\"";
				DEVELOPMENT_TEAM = 3Y2Y4CJNN6;
				ENABLE_PREVIEWS = YES;
				ENABLE_USER_SCRIPT_SANDBOXING = YES;
				GCC_C_LANGUAGE_STANDARD = gnu17;
				GENERATE_INFOPLIST_FILE = YES;
				INFOPLIST_KEY_CFBundleDisplayName = FallBallWatchOS;
				INFOPLIST_KEY_UISupportedInterfaceOrientations = "UIInterfaceOrientationPortrait UIInterfaceOrientationPortraitUpsideDown";
				INFOPLIST_KEY_WKWatchOnly = YES;
				LD_RUNPATH_SEARCH_PATHS = (
					"$(inherited)",
					"@executable_path/Frameworks",
				);
				LOCALIZATION_PREFERS_STRING_CATALOGS = YES;
				MARKETING_VERSION = 1.0;
				PRODUCT_BUNDLE_IDENTIFIER = com.FallBallWatchOS.watchkitapp;
				PRODUCT_NAME = "$(TARGET_NAME)";
				SDKROOT = watchos;
				SKIP_INSTALL = YES;
				SWIFT_ACTIVE_COMPILATION_CONDITIONS = "DEBUG $(inherited)";
				SWIFT_EMIT_LOC_STRINGS = YES;
				SWIFT_VERSION = 5.0;
				TARGETED_DEVICE_FAMILY = 4;
				WATCHOS_DEPLOYMENT_TARGET = 10.0;
			};
			name = Debug;
		};
		7AFDA5842AC1592A00D3A1F0 /* Release */ = {
			isa = XCBuildConfiguration;
			buildSettings = {
				ASSETCATALOG_COMPILER_APPICON_NAME = AppIcon;
				ASSETCATALOG_COMPILER_GENERATE_SWIFT_ASSET_SYMBOL_EXTENSIONS = YES;
				ASSETCATALOG_COMPILER_GLOBAL_ACCENT_COLOR_NAME = AccentColor;
				CODE_SIGN_STYLE = Automatic;
				CURRENT_PROJECT_VERSION = 1;
				DEVELOPMENT_ASSET_PATHS = "\"FallBallWatchOS Watch App/Preview Content\"";
				DEVELOPMENT_TEAM = 3Y2Y4CJNN6;
				ENABLE_PREVIEWS = YES;
				ENABLE_USER_SCRIPT_SANDBOXING = YES;
				GCC_C_LANGUAGE_STANDARD = gnu17;
				GENERATE_INFOPLIST_FILE = YES;
				INFOPLIST_KEY_CFBundleDisplayName = FallBallWatchOS;
				INFOPLIST_KEY_UISupportedInterfaceOrientations = "UIInterfaceOrientationPortrait UIInterfaceOrientationPortraitUpsideDown";
				INFOPLIST_KEY_WKWatchOnly = YES;
				LD_RUNPATH_SEARCH_PATHS = (
					"$(inherited)",
					"@executable_path/Frameworks",
				);
				LOCALIZATION_PREFERS_STRING_CATALOGS = YES;
				MARKETING_VERSION = 1.0;
				PRODUCT_BUNDLE_IDENTIFIER = com.FallBallWatchOS.watchkitapp;
				PRODUCT_NAME = "$(TARGET_NAME)";
				SDKROOT = watchos;
				SKIP_INSTALL = YES;
				SWIFT_EMIT_LOC_STRINGS = YES;
				SWIFT_VERSION = 5.0;
				TARGETED_DEVICE_FAMILY = 4;
				VALIDATE_PRODUCT = YES;
				WATCHOS_DEPLOYMENT_TARGET = 10.0;
			};
			name = Release;
		};
		7AFDA5872AC1592A00D3A1F0 /* Debug */ = {
			isa = XCBuildConfiguration;
			buildSettings = {
				ALWAYS_EMBED_SWIFT_STANDARD_LIBRARIES = YES;
				ASSETCATALOG_COMPILER_GENERATE_SWIFT_ASSET_SYMBOL_EXTENSIONS = YES;
				CODE_SIGN_STYLE = Automatic;
				CURRENT_PROJECT_VERSION = 1;
				DEVELOPMENT_TEAM = 3Y2Y4CJNN6;
				ENABLE_USER_SCRIPT_SANDBOXING = YES;
				GCC_C_LANGUAGE_STANDARD = gnu17;
				INFOPLIST_KEY_CFBundleDisplayName = FallBallWatchOS;
				LOCALIZATION_PREFERS_STRING_CATALOGS = YES;
				MARKETING_VERSION = 1.0;
				PRODUCT_BUNDLE_IDENTIFIER = com.FallBallWatchOS;
				PRODUCT_NAME = "$(TARGET_NAME)";
				SDKROOT = iphoneos;
				SWIFT_ACTIVE_COMPILATION_CONDITIONS = "DEBUG $(inherited)";
				SWIFT_VERSION = 5.0;
			};
			name = Debug;
		};
		7AFDA5882AC1592A00D3A1F0 /* Release */ = {
			isa = XCBuildConfiguration;
			buildSettings = {
				ALWAYS_EMBED_SWIFT_STANDARD_LIBRARIES = YES;
				ASSETCATALOG_COMPILER_GENERATE_SWIFT_ASSET_SYMBOL_EXTENSIONS = YES;
				CODE_SIGN_STYLE = Automatic;
				CURRENT_PROJECT_VERSION = 1;
				DEVELOPMENT_TEAM = 3Y2Y4CJNN6;
				ENABLE_USER_SCRIPT_SANDBOXING = YES;
				GCC_C_LANGUAGE_STANDARD = gnu17;
				INFOPLIST_KEY_CFBundleDisplayName = FallBallWatchOS;
				LOCALIZATION_PREFERS_STRING_CATALOGS = YES;
				MARKETING_VERSION = 1.0;
				PRODUCT_BUNDLE_IDENTIFIER = com.FallBallWatchOS;
				PRODUCT_NAME = "$(TARGET_NAME)";
				SDKROOT = iphoneos;
				SWIFT_VERSION = 5.0;
				VALIDATE_PRODUCT = YES;
			};
			name = Release;
		};
		7AFDA58A2AC1592A00D3A1F0 /* Debug */ = {
			isa = XCBuildConfiguration;
			buildSettings = {
				ALWAYS_EMBED_SWIFT_STANDARD_LIBRARIES = YES;
				ASSETCATALOG_COMPILER_GENERATE_SWIFT_ASSET_SYMBOL_EXTENSIONS = YES;
				BUNDLE_LOADER = "$(TEST_HOST)";
				CODE_SIGN_STYLE = Automatic;
				CURRENT_PROJECT_VERSION = 1;
				DEVELOPMENT_TEAM = 3Y2Y4CJNN6;
				ENABLE_USER_SCRIPT_SANDBOXING = YES;
				GCC_C_LANGUAGE_STANDARD = gnu17;
				GENERATE_INFOPLIST_FILE = YES;
				LOCALIZATION_PREFERS_STRING_CATALOGS = YES;
				MARKETING_VERSION = 1.0;
				PRODUCT_BUNDLE_IDENTIFIER = "com.FallBallWatchOS-Watch-AppTests";
				PRODUCT_NAME = "$(TARGET_NAME)";
				SDKROOT = watchos;
				SWIFT_ACTIVE_COMPILATION_CONDITIONS = "DEBUG $(inherited)";
				SWIFT_EMIT_LOC_STRINGS = NO;
				SWIFT_VERSION = 5.0;
				TARGETED_DEVICE_FAMILY = 4;
				TEST_HOST = "$(BUILT_PRODUCTS_DIR)/FallBallWatchOS Watch App.app/$(BUNDLE_EXECUTABLE_FOLDER_PATH)/FallBallWatchOS Watch App";
				WATCHOS_DEPLOYMENT_TARGET = 10.0;
			};
			name = Debug;
		};
		7AFDA58B2AC1592A00D3A1F0 /* Release */ = {
			isa = XCBuildConfiguration;
			buildSettings = {
				ALWAYS_EMBED_SWIFT_STANDARD_LIBRARIES = YES;
				ASSETCATALOG_COMPILER_GENERATE_SWIFT_ASSET_SYMBOL_EXTENSIONS = YES;
				BUNDLE_LOADER = "$(TEST_HOST)";
				CODE_SIGN_STYLE = Automatic;
				CURRENT_PROJECT_VERSION = 1;
				DEVELOPMENT_TEAM = 3Y2Y4CJNN6;
				ENABLE_USER_SCRIPT_SANDBOXING = YES;
				GCC_C_LANGUAGE_STANDARD = gnu17;
				GENERATE_INFOPLIST_FILE = YES;
				LOCALIZATION_PREFERS_STRING_CATALOGS = YES;
				MARKETING_VERSION = 1.0;
				PRODUCT_BUNDLE_IDENTIFIER = "com.FallBallWatchOS-Watch-AppTests";
				PRODUCT_NAME = "$(TARGET_NAME)";
				SDKROOT = watchos;
				SWIFT_EMIT_LOC_STRINGS = NO;
				SWIFT_VERSION = 5.0;
				TARGETED_DEVICE_FAMILY = 4;
				TEST_HOST = "$(BUILT_PRODUCTS_DIR)/FallBallWatchOS Watch App.app/$(BUNDLE_EXECUTABLE_FOLDER_PATH)/FallBallWatchOS Watch App";
				VALIDATE_PRODUCT = YES;
				WATCHOS_DEPLOYMENT_TARGET = 10.0;
			};
			name = Release;
		};
		7AFDA58D2AC1592A00D3A1F0 /* Debug */ = {
			isa = XCBuildConfiguration;
			buildSettings = {
				ALWAYS_EMBED_SWIFT_STANDARD_LIBRARIES = YES;
				ASSETCATALOG_COMPILER_GENERATE_SWIFT_ASSET_SYMBOL_EXTENSIONS = YES;
				CODE_SIGN_STYLE = Automatic;
				CURRENT_PROJECT_VERSION = 1;
				DEVELOPMENT_TEAM = 3Y2Y4CJNN6;
				ENABLE_USER_SCRIPT_SANDBOXING = YES;
				GCC_C_LANGUAGE_STANDARD = gnu17;
				GENERATE_INFOPLIST_FILE = YES;
				LOCALIZATION_PREFERS_STRING_CATALOGS = YES;
				MARKETING_VERSION = 1.0;
				PRODUCT_BUNDLE_IDENTIFIER = "com.FallBallWatchOS-Watch-AppUITests";
				PRODUCT_NAME = "$(TARGET_NAME)";
				SDKROOT = watchos;
				SWIFT_ACTIVE_COMPILATION_CONDITIONS = "DEBUG $(inherited)";
				SWIFT_EMIT_LOC_STRINGS = NO;
				SWIFT_VERSION = 5.0;
				TARGETED_DEVICE_FAMILY = 4;
				TEST_TARGET_NAME = "FallBallWatchOS Watch App";
				WATCHOS_DEPLOYMENT_TARGET = 10.0;
			};
			name = Debug;
		};
		7AFDA58E2AC1592A00D3A1F0 /* Release */ = {
			isa = XCBuildConfiguration;
			buildSettings = {
				ALWAYS_EMBED_SWIFT_STANDARD_LIBRARIES = YES;
				ASSETCATALOG_COMPILER_GENERATE_SWIFT_ASSET_SYMBOL_EXTENSIONS = YES;
				CODE_SIGN_STYLE = Automatic;
				CURRENT_PROJECT_VERSION = 1;
				DEVELOPMENT_TEAM = 3Y2Y4CJNN6;
				ENABLE_USER_SCRIPT_SANDBOXING = YES;
				GCC_C_LANGUAGE_STANDARD = gnu17;
				GENERATE_INFOPLIST_FILE = YES;
				LOCALIZATION_PREFERS_STRING_CATALOGS = YES;
				MARKETING_VERSION = 1.0;
				PRODUCT_BUNDLE_IDENTIFIER = "com.FallBallWatchOS-Watch-AppUITests";
				PRODUCT_NAME = "$(TARGET_NAME)";
				SDKROOT = watchos;
				SWIFT_EMIT_LOC_STRINGS = NO;
				SWIFT_VERSION = 5.0;
				TARGETED_DEVICE_FAMILY = 4;
				TEST_TARGET_NAME = "FallBallWatchOS Watch App";
				VALIDATE_PRODUCT = YES;
				WATCHOS_DEPLOYMENT_TARGET = 10.0;
			};
			name = Release;
		};
/* End XCBuildConfiguration section */

/* Begin XCConfigurationList section */
		7AD234362A5F824800ED626D /* Build configuration list for PBXProject "endlessfaller" */ = {
			isa = XCConfigurationList;
			buildConfigurations = (
				7AD2345E2A5F824900ED626D /* Debug */,
				7AD2345F2A5F824900ED626D /* Release */,
			);
			defaultConfigurationIsVisible = 0;
			defaultConfigurationName = Release;
		};
		7AD234602A5F824900ED626D /* Build configuration list for PBXNativeTarget "Fall Ball" */ = {
			isa = XCConfigurationList;
			buildConfigurations = (
				7AD234612A5F824900ED626D /* Debug */,
				7AD234622A5F824900ED626D /* Release */,
			);
			defaultConfigurationIsVisible = 0;
			defaultConfigurationName = Release;
		};
		7AD234632A5F824900ED626D /* Build configuration list for PBXNativeTarget "endlessfallerTests" */ = {
			isa = XCConfigurationList;
			buildConfigurations = (
				7AD234642A5F824900ED626D /* Debug */,
				7AD234652A5F824900ED626D /* Release */,
			);
			defaultConfigurationIsVisible = 0;
			defaultConfigurationName = Release;
		};
		7AD234662A5F824900ED626D /* Build configuration list for PBXNativeTarget "endlessfallerUITests" */ = {
			isa = XCConfigurationList;
			buildConfigurations = (
				7AD234672A5F824900ED626D /* Debug */,
				7AD234682A5F824900ED626D /* Release */,
			);
			defaultConfigurationIsVisible = 0;
			defaultConfigurationName = Release;
		};
		7AFDA5822AC1592A00D3A1F0 /* Build configuration list for PBXNativeTarget "FallBallWatchOS Watch App" */ = {
			isa = XCConfigurationList;
			buildConfigurations = (
				7AFDA5832AC1592A00D3A1F0 /* Debug */,
				7AFDA5842AC1592A00D3A1F0 /* Release */,
			);
			defaultConfigurationIsVisible = 0;
			defaultConfigurationName = Release;
		};
		7AFDA5862AC1592A00D3A1F0 /* Build configuration list for PBXNativeTarget "FallBallWatchOS" */ = {
			isa = XCConfigurationList;
			buildConfigurations = (
				7AFDA5872AC1592A00D3A1F0 /* Debug */,
				7AFDA5882AC1592A00D3A1F0 /* Release */,
			);
			defaultConfigurationIsVisible = 0;
			defaultConfigurationName = Release;
		};
		7AFDA5892AC1592A00D3A1F0 /* Build configuration list for PBXNativeTarget "FallBallWatchOS Watch AppTests" */ = {
			isa = XCConfigurationList;
			buildConfigurations = (
				7AFDA58A2AC1592A00D3A1F0 /* Debug */,
				7AFDA58B2AC1592A00D3A1F0 /* Release */,
			);
			defaultConfigurationIsVisible = 0;
			defaultConfigurationName = Release;
		};
		7AFDA58C2AC1592A00D3A1F0 /* Build configuration list for PBXNativeTarget "FallBallWatchOS Watch AppUITests" */ = {
			isa = XCConfigurationList;
			buildConfigurations = (
				7AFDA58D2AC1592A00D3A1F0 /* Debug */,
				7AFDA58E2AC1592A00D3A1F0 /* Release */,
			);
			defaultConfigurationIsVisible = 0;
			defaultConfigurationName = Release;
		};
/* End XCConfigurationList section */

/* Begin XCRemoteSwiftPackageReference section */
		7A1E4F762B7AFBCC00CDF00F /* XCRemoteSwiftPackageReference "circular-progress" */ = {
			isa = XCRemoteSwiftPackageReference;
			repositoryURL = "https://github.com/aleksproger/circular-progress.git";
			requirement = {
				kind = upToNextMajorVersion;
				minimumVersion = 1.1.1;
			};
		};
		7A38B59A2B85727000DDD280 /* XCRemoteSwiftPackageReference "Vortex" */ = {
			isa = XCRemoteSwiftPackageReference;
			repositoryURL = "https://github.com/twostraws/Vortex";
			requirement = {
				kind = upToNextMajorVersion;
				minimumVersion = 1.0.0;
			};
		};
		7A3CEA5D2A896FAF00A79E65 /* XCRemoteSwiftPackageReference "FLAnimatedImage" */ = {
			isa = XCRemoteSwiftPackageReference;
			repositoryURL = "https://github.com/Flipboard/FLAnimatedImage";
			requirement = {
				kind = upToNextMajorVersion;
				minimumVersion = 1.0.0;
			};
		};
		7A3CEA602A89F6A400A79E65 /* XCRemoteSwiftPackageReference "SDWebImageSwiftUI" */ = {
			isa = XCRemoteSwiftPackageReference;
			repositoryURL = "https://github.com/SDWebImage/SDWebImageSwiftUI";
			requirement = {
				kind = upToNextMajorVersion;
				minimumVersion = 2.0.0;
			};
		};
		7A689B3A2BA79AE1006D3AA5 /* XCRemoteSwiftPackageReference "SwizzleSwift" */ = {
			isa = XCRemoteSwiftPackageReference;
			repositoryURL = "https://github.com/Amzd/SwizzleSwift";
			requirement = {
				kind = upToNextMajorVersion;
				minimumVersion = 1.0.0;
			};
		};
		7A9755D42B7867C100473737 /* XCRemoteSwiftPackageReference "CloudStorage" */ = {
			isa = XCRemoteSwiftPackageReference;
			repositoryURL = "https://github.com/nonstrict-hq/CloudStorage.git";
			requirement = {
				kind = upToNextMajorVersion;
				minimumVersion = 0.4.0;
			};
		};
		7AA5F9732BBCFF2F0003B2AD /* XCRemoteSwiftPackageReference "SwiftFX" */ = {
			isa = XCRemoteSwiftPackageReference;
			repositoryURL = "https://github.com/hexagons/SwiftFX.git";
			requirement = {
				kind = upToNextMajorVersion;
				minimumVersion = 1.0.0;
			};
		};
		7AD234692A5F848700ED626D /* XCRemoteSwiftPackageReference "swiftui-vertical-tab-view" */ = {
			isa = XCRemoteSwiftPackageReference;
			repositoryURL = "https://github.com/lorenzofiamingo/swiftui-vertical-tab-view";
			requirement = {
				kind = upToNextMajorVersion;
				minimumVersion = 2.0.0;
			};
		};
/* End XCRemoteSwiftPackageReference section */

/* Begin XCSwiftPackageProductDependency section */
		7A1E4F772B7AFBCC00CDF00F /* CircularProgress */ = {
			isa = XCSwiftPackageProductDependency;
			package = 7A1E4F762B7AFBCC00CDF00F /* XCRemoteSwiftPackageReference "circular-progress" */;
			productName = CircularProgress;
		};
		7A38B59B2B85727000DDD280 /* Vortex */ = {
			isa = XCSwiftPackageProductDependency;
			package = 7A38B59A2B85727000DDD280 /* XCRemoteSwiftPackageReference "Vortex" */;
			productName = Vortex;
		};
		7A689B3B2BA79AE1006D3AA5 /* SwizzleSwift */ = {
			isa = XCSwiftPackageProductDependency;
			package = 7A689B3A2BA79AE1006D3AA5 /* XCRemoteSwiftPackageReference "SwizzleSwift" */;
			productName = SwizzleSwift;
		};
		7A9755D52B78717200473737 /* CloudStorage */ = {
			isa = XCSwiftPackageProductDependency;
			package = 7A9755D42B7867C100473737 /* XCRemoteSwiftPackageReference "CloudStorage" */;
			productName = CloudStorage;
		};
		7AA5F9742BBCFF2F0003B2AD /* SwiftFX */ = {
			isa = XCSwiftPackageProductDependency;
			package = 7AA5F9732BBCFF2F0003B2AD /* XCRemoteSwiftPackageReference "SwiftFX" */;
			productName = SwiftFX;
		};
/* End XCSwiftPackageProductDependency section */
	};
	rootObject = 7AD234332A5F824800ED626D /* Project object */;
}
