{
  "originHash" : "586a6e8889146be5e4a1ecbca217ca3fc1804d5c8ecfcd8ec19d97095c240dee",
  "pins" : [
    {
      "identity" : "circular-progress",
      "kind" : "remoteSourceControl",
      "location" : "https://github.com/aleksproger/circular-progress.git",
      "state" : {
        "revision" : "21f394bb48d26f63834c7298d538b043fad52bc1",
        "version" : "1.1.1"
      }
    },
    {
      "identity" : "cloudstorage",
      "kind" : "remoteSourceControl",
      "location" : "https://github.com/nonstrict-hq/CloudStorage.git",
      "state" : {
        "revision" : "35700218d35579df091974b6e7765db94c83448b",
        "version" : "0.4.0"
      }
    },
    {
      "identity" : "coregraphicsextensions",
      "kind" : "remoteSourceControl",
      "location" : "https://github.com/heestand-xyz/CoreGraphicsExtensions",
      "state" : {
        "revision" : "a10de5109601c6d478b040486c921e3e82a5c3c8",
        "version" : "1.8.0"
      }
    },
    {
      "identity" : "flanimatedimage",
      "kind" : "remoteSourceControl",
      "location" : "https://github.com/Flipboard/FLAnimatedImage",
      "state" : {
        "revision" : "d4f07b6f164d53c1212c3e54d6460738b1981e9f",
        "version" : "1.0.17"
      }
    },
    {
      "identity" : "pixelcolor",
      "kind" : "remoteSourceControl",
      "location" : "https://github.com/heestand-xyz/PixelColor",
      "state" : {
        "revision" : "cfc6181e25b1963206cb8c9d0f556adb6a625925",
        "version" : "1.4.1"
      }
    },
    {
      "identity" : "pixelkit",
      "kind" : "remoteSourceControl",
      "location" : "https://github.com/heestand-xyz/PixelKit",
      "state" : {
        "revision" : "1d20f0db7536ea433fecd924b5eea8e1ad3bd8f1",
        "version" : "2.2.4"
      }
    },
    {
      "identity" : "renderkit",
      "kind" : "remoteSourceControl",
      "location" : "https://github.com/heestand-xyz/RenderKit",
      "state" : {
        "revision" : "06782ee0ea9d15ded503bfc7ee7efb9db53859b1",
        "version" : "1.2.3"
      }
    },
    {
      "identity" : "resolution",
      "kind" : "remoteSourceControl",
      "location" : "https://github.com/heestand-xyz/Resolution",
      "state" : {
        "revision" : "0fdee03d7b312f075897cdac437f366cc6631d6a",
        "version" : "1.0.4"
      }
    },
    {
      "identity" : "sdwebimage",
      "kind" : "remoteSourceControl",
      "location" : "https://github.com/SDWebImage/SDWebImage.git",
      "state" : {
        "revision" : "b8523c1642f3c142b06dd98443ea7c48343a4dfd",
        "version" : "5.19.3"
      }
    },
    {
      "identity" : "sdwebimageswiftui",
      "kind" : "remoteSourceControl",
      "location" : "https://github.com/SDWebImage/SDWebImageSwiftUI",
      "state" : {
        "revision" : "53573d6dd017e354c0e7d8f1c86b77ef1383c996",
        "version" : "2.2.7"
      }
    },
    {
      "identity" : "swiftfx",
      "kind" : "remoteSourceControl",
      "location" : "https://github.com/hexagons/SwiftFX.git",
      "state" : {
        "revision" : "5542eae94ac014b78ab832dfd22610904d626c60",
        "version" : "1.0.0"
      }
    },
    {
      "identity" : "swiftui-vertical-tab-view",
      "kind" : "remoteSourceControl",
      "location" : "https://github.com/lorenzofiamingo/swiftui-vertical-tab-view",
      "state" : {
        "revision" : "e029f75f9c43e52e351528a78e293a997200b9f8",
        "version" : "2.0.0"
      }
    },
    {
      "identity" : "swizzleswift",
      "kind" : "remoteSourceControl",
      "location" : "https://github.com/Amzd/SwizzleSwift",
      "state" : {
        "revision" : "e2d31c646182bf94a496b173c6ee5ad191230e9a",
        "version" : "1.0.0"
      }
    },
    {
      "identity" : "texturemap",
      "kind" : "remoteSourceControl",
      "location" : "https://github.com/heestand-xyz/TextureMap",
      "state" : {
        "revision" : "c6845fb31a7ba5337c607faeedbeb1d3053c4a50",
        "version" : "0.9.0"
      }
    },
    {
      "identity" : "vortex",
      "kind" : "remoteSourceControl",
      "location" : "https://github.com/twostraws/Vortex",
      "state" : {
        "revision" : "bb48b128d3c13c68c68e83833c622eec9f6c701f",
        "version" : "1.0.1"
      }
    }
  ],
  "version" : 3
}
